// !$*UTF8*$!
{
	archiveVersion = 1;
	classes = {
	};
	objectVersion = 56;
	objects = {

/* Begin PBXBuildFile section */
		0AE959D30E1325E953B34349 /* Pods_CurtainCall.framework in Frameworks */ = {isa = PBXBuildFile; fileRef = 4F5B6EE00ADF81B01C90D173 /* Pods_CurtainCall.framework */; };
		EE0132172A5E542A00873107 /* PartyMemberRecruitingProductViewController.swift in Sources */ = {isa = PBXBuildFile; fileRef = EE0132162A5E542A00873107 /* PartyMemberRecruitingProductViewController.swift */; };
		EE01323D2A5EFBE600873107 /* ProductPosterCell.swift in Sources */ = {isa = PBXBuildFile; fileRef = EE01323C2A5EFBE600873107 /* ProductPosterCell.swift */; };
		EE01323F2A5F012500873107 /* ProductSelectInfo.swift in Sources */ = {isa = PBXBuildFile; fileRef = EE01323E2A5F012500873107 /* ProductSelectInfo.swift */; };
		EE0132412A5F034800873107 /* PartyMemberRecruitingProductViewModel.swift in Sources */ = {isa = PBXBuildFile; fileRef = EE0132402A5F034800873107 /* PartyMemberRecruitingProductViewModel.swift */; };
		EE0132432A5F03AD00873107 /* PartyMemberRecruitingProductUsecase.swift in Sources */ = {isa = PBXBuildFile; fileRef = EE0132422A5F03AD00873107 /* PartyMemberRecruitingProductUsecase.swift */; };
		EE0304B42A4E816C0038A09E /* FacebookCore in Frameworks */ = {isa = PBXBuildFile; productRef = EE0304B32A4E816C0038A09E /* FacebookCore */; };
		EE0304B62A4E816C0038A09E /* FacebookLogin in Frameworks */ = {isa = PBXBuildFile; productRef = EE0304B52A4E816C0038A09E /* FacebookLogin */; };
		EE0BEDDE2A495539008D9D05 /* AppDelegate.swift in Sources */ = {isa = PBXBuildFile; fileRef = EE0BEDDD2A495539008D9D05 /* AppDelegate.swift */; };
		EE0BEDE02A495539008D9D05 /* SceneDelegate.swift in Sources */ = {isa = PBXBuildFile; fileRef = EE0BEDDF2A495539008D9D05 /* SceneDelegate.swift */; };
		EE0BEDEA2A49553D008D9D05 /* LaunchScreen.storyboard in Resources */ = {isa = PBXBuildFile; fileRef = EE0BEDE82A49553D008D9D05 /* LaunchScreen.storyboard */; };
		EE0BEDFA2A4958F2008D9D05 /* LoginViewController.swift in Sources */ = {isa = PBXBuildFile; fileRef = EE0BEDF92A4958F2008D9D05 /* LoginViewController.swift */; };
		EE0BEDFD2A495AAB008D9D05 /* SnapKit in Frameworks */ = {isa = PBXBuildFile; productRef = EE0BEDFC2A495AAB008D9D05 /* SnapKit */; };
		EE0BEE002A4971FE008D9D05 /* ImageNamespace.swift in Sources */ = {isa = PBXBuildFile; fileRef = EE0BEDFF2A4971FE008D9D05 /* ImageNamespace.swift */; };
		EE0BEE042A49909F008D9D05 /* LoginViewModel.swift in Sources */ = {isa = PBXBuildFile; fileRef = EE0BEE032A49909F008D9D05 /* LoginViewModel.swift */; };
		EE3E02932A77EF57007C3D71 /* LostItemViewController.swift in Sources */ = {isa = PBXBuildFile; fileRef = EE3E02922A77EF57007C3D71 /* LostItemViewController.swift */; };
		EE3E02952A77FA6B007C3D71 /* CALayer + Extension.swift in Sources */ = {isa = PBXBuildFile; fileRef = EE3E02942A77FA6B007C3D71 /* CALayer + Extension.swift */; };
		EE3E02972A77FF06007C3D71 /* LostItemLargeCategoryView.swift in Sources */ = {isa = PBXBuildFile; fileRef = EE3E02962A77FF06007C3D71 /* LostItemLargeCategoryView.swift */; };
		EE3F2FDE2A57D2A300BC539C /* NicknameSettingUsecase.swift in Sources */ = {isa = PBXBuildFile; fileRef = EE3F2FDD2A57D2A300BC539C /* NicknameSettingUsecase.swift */; };
		EE3F2FE02A57DE3A00BC539C /* NicknameValidType.swift in Sources */ = {isa = PBXBuildFile; fileRef = EE3F2FDF2A57DE3A00BC539C /* NicknameValidType.swift */; };
		EE3F2FE22A57E4CC00BC539C /* LoginCompleteViewController.swift in Sources */ = {isa = PBXBuildFile; fileRef = EE3F2FE12A57E4CC00BC539C /* LoginCompleteViewController.swift */; };
		EE3F2FE42A5802C400BC539C /* MainTabBarController.swift in Sources */ = {isa = PBXBuildFile; fileRef = EE3F2FE32A5802C400BC539C /* MainTabBarController.swift */; };
		EE3F2FE82A5811BA00BC539C /* HomeViewController.swift in Sources */ = {isa = PBXBuildFile; fileRef = EE3F2FE72A5811BA00BC539C /* HomeViewController.swift */; };
		EE3F2FF22A58123600BC539C /* MyPageViewController.swift in Sources */ = {isa = PBXBuildFile; fileRef = EE3F2FF12A58123600BC539C /* MyPageViewController.swift */; };
		EE3F2FF42A58127200BC539C /* PartyMemberViewController.swift in Sources */ = {isa = PBXBuildFile; fileRef = EE3F2FF32A58127200BC539C /* PartyMemberViewController.swift */; };
		EE3F2FF62A58128600BC539C /* LiveTalkViewController.swift in Sources */ = {isa = PBXBuildFile; fileRef = EE3F2FF52A58128600BC539C /* LiveTalkViewController.swift */; };
		EE3F2FF82A58129300BC539C /* ProductViewController.swift in Sources */ = {isa = PBXBuildFile; fileRef = EE3F2FF72A58129300BC539C /* ProductViewController.swift */; };
		EE4467362A68270500CDFE05 /* PartyMemberOtherRecruitingDateViewController.swift in Sources */ = {isa = PBXBuildFile; fileRef = EE4467352A68270500CDFE05 /* PartyMemberOtherRecruitingDateViewController.swift */; };
		EE45438F2A63CD0F00A2A427 /* PartyMemberRecruitingDateViewModel.swift in Sources */ = {isa = PBXBuildFile; fileRef = EE45438E2A63CD0F00A2A427 /* PartyMemberRecruitingDateViewModel.swift */; };
		EE4B34282A66D28900E6EB01 /* SpoqaHanSansNeo-Light.otf in Resources */ = {isa = PBXBuildFile; fileRef = EE4B34232A66D28700E6EB01 /* SpoqaHanSansNeo-Light.otf */; };
		EE4B34292A66D28900E6EB01 /* SpoqaHanSansNeo-Medium.otf in Resources */ = {isa = PBXBuildFile; fileRef = EE4B34242A66D28800E6EB01 /* SpoqaHanSansNeo-Medium.otf */; };
		EE4B342B2A66D28900E6EB01 /* SpoqaHanSansNeo-Thin.otf in Resources */ = {isa = PBXBuildFile; fileRef = EE4B34262A66D28800E6EB01 /* SpoqaHanSansNeo-Thin.otf */; };
		EE4B342C2A66D28900E6EB01 /* SpoqaHanSansNeo-Regular.otf in Resources */ = {isa = PBXBuildFile; fileRef = EE4B34272A66D28900E6EB01 /* SpoqaHanSansNeo-Regular.otf */; };
		EE4B34302A66D30A00E6EB01 /* SpoqaHanSansNeo-Bold.otf in Resources */ = {isa = PBXBuildFile; fileRef = EE4B342F2A66D30A00E6EB01 /* SpoqaHanSansNeo-Bold.otf */; };
		EE4B34322A66D3E300E6EB01 /* UIFont + Extension.swift in Sources */ = {isa = PBXBuildFile; fileRef = EE4B34312A66D3E300E6EB01 /* UIFont + Extension.swift */; };
		EE4EBAE32A4C013B00939823 /* KakaoSDKAuth in Frameworks */ = {isa = PBXBuildFile; productRef = EE4EBAE22A4C013B00939823 /* KakaoSDKAuth */; };
		EE4EBAE52A4C013B00939823 /* KakaoSDKUser in Frameworks */ = {isa = PBXBuildFile; productRef = EE4EBAE42A4C013B00939823 /* KakaoSDKUser */; };
		EE4EBAF32A4C303700939823 /* Secret.swift in Sources */ = {isa = PBXBuildFile; fileRef = EE4EBAF22A4C303700939823 /* Secret.swift */; };
		EE5DED032A6511AB0027B0D4 /* TimeSelectView.swift in Sources */ = {isa = PBXBuildFile; fileRef = EE5DED022A6511AB0027B0D4 /* TimeSelectView.swift */; };
		EE5DED052A6514670027B0D4 /* UITableViewCell + Extension.swift in Sources */ = {isa = PBXBuildFile; fileRef = EE5DED042A6514660027B0D4 /* UITableViewCell + Extension.swift */; };
		EE5DED072A6514890027B0D4 /* UITableView + Extension.swift in Sources */ = {isa = PBXBuildFile; fileRef = EE5DED062A6514890027B0D4 /* UITableView + Extension.swift */; };
		EE5DED092A6534050027B0D4 /* PartyMemberRecruitingContentViewController.swift in Sources */ = {isa = PBXBuildFile; fileRef = EE5DED082A6534050027B0D4 /* PartyMemberRecruitingContentViewController.swift */; };
		EE5DED0B2A654EE20027B0D4 /* UITextField + Extension.swift in Sources */ = {isa = PBXBuildFile; fileRef = EE5DED0A2A654EE20027B0D4 /* UITextField + Extension.swift */; };
		EE5DED0D2A6563A60027B0D4 /* Constants.swift in Sources */ = {isa = PBXBuildFile; fileRef = EE5DED0C2A6563A60027B0D4 /* Constants.swift */; };
		EE5DED0F2A6581E10027B0D4 /* PartyMemberRecruitingContentViewModel.swift in Sources */ = {isa = PBXBuildFile; fileRef = EE5DED0E2A6581E10027B0D4 /* PartyMemberRecruitingContentViewModel.swift */; };
		EE5DED112A6586010027B0D4 /* PartyMemberWriteCompleteViewController.swift in Sources */ = {isa = PBXBuildFile; fileRef = EE5DED102A6586010027B0D4 /* PartyMemberWriteCompleteViewController.swift */; };
		EE7F06032A61449A002F83ED /* CalendarProtocol.swift in Sources */ = {isa = PBXBuildFile; fileRef = EE7F06022A61449A002F83ED /* CalendarProtocol.swift */; };
		EE93011D2A6EB98800C8FBA5 /* DotLineView.swift in Sources */ = {isa = PBXBuildFile; fileRef = EE93011C2A6EB98800C8FBA5 /* DotLineView.swift */; };
		EE9301202A70114700C8FBA5 /* PartyMemberRecruitingOtherDetailViewController.swift in Sources */ = {isa = PBXBuildFile; fileRef = EE93011F2A70114700C8FBA5 /* PartyMemberRecruitingOtherDetailViewController.swift */; };
		EE9301242A723AAC00C8FBA5 /* ProductSearchCell.swift in Sources */ = {isa = PBXBuildFile; fileRef = EE9301232A723AAC00C8FBA5 /* ProductSearchCell.swift */; };
		EE9301262A72470200C8FBA5 /* ProductSearchInfo.swift in Sources */ = {isa = PBXBuildFile; fileRef = EE9301252A72470200C8FBA5 /* ProductSearchInfo.swift */; };
		EE93AA2F2A6BAE4400E30C76 /* PartyMemberOtherRecruitingDateViewModel.swift in Sources */ = {isa = PBXBuildFile; fileRef = EE93AA2E2A6BAE4400E30C76 /* PartyMemberOtherRecruitingDateViewModel.swift */; };
		EE93AA312A6BB17A00E30C76 /* BottomNextButton.swift in Sources */ = {isa = PBXBuildFile; fileRef = EE93AA302A6BB17A00E30C76 /* BottomNextButton.swift */; };
		EE93AA332A6BBDC700E30C76 /* PartyMemberOtherRecruitingContentViewController.swift in Sources */ = {isa = PBXBuildFile; fileRef = EE93AA322A6BBDC700E30C76 /* PartyMemberOtherRecruitingContentViewController.swift */; };
		EE93AA362A6D70E000E30C76 /* PartyMemberRecruitingDetailViewController.swift in Sources */ = {isa = PBXBuildFile; fileRef = EE93AA352A6D70E000E30C76 /* PartyMemberRecruitingDetailViewController.swift */; };
		EE9B9A152A5FCB64009C6DB4 /* PartyMemberRecruitingDateViewController.swift in Sources */ = {isa = PBXBuildFile; fileRef = EE9B9A142A5FCB64009C6DB4 /* PartyMemberRecruitingDateViewController.swift */; };
		EEA944352A5BF55C0081E784 /* PartyMemberProductViewController.swift in Sources */ = {isa = PBXBuildFile; fileRef = EEA944342A5BF55C0081E784 /* PartyMemberProductViewController.swift */; };
		EEA944372A5C03130081E784 /* PartyType.swift in Sources */ = {isa = PBXBuildFile; fileRef = EEA944362A5C03130081E784 /* PartyType.swift */; };
		EEA9443A2A5D1BE80081E784 /* PartyProductCell.swift in Sources */ = {isa = PBXBuildFile; fileRef = EEA944392A5D1BE80081E784 /* PartyProductCell.swift */; };
		EEA9443D2A5D2F140081E784 /* ProductPartyInfo.swift in Sources */ = {isa = PBXBuildFile; fileRef = EEA9443C2A5D2F140081E784 /* ProductPartyInfo.swift */; };
		EEA9443F2A5D303E0081E784 /* Date + Extension.swift in Sources */ = {isa = PBXBuildFile; fileRef = EEA9443E2A5D303E0081E784 /* Date + Extension.swift */; };
		EEA944412A5D440F0081E784 /* PartyMemberProductViewModel.swift in Sources */ = {isa = PBXBuildFile; fileRef = EEA944402A5D440F0081E784 /* PartyMemberProductViewModel.swift */; };
		EEA944442A5D44EF0081E784 /* PartyMemberProductUsecase.swift in Sources */ = {isa = PBXBuildFile; fileRef = EEA944432A5D44EF0081E784 /* PartyMemberProductUsecase.swift */; };
		EEA944462A5D5FA20081E784 /* PartyMemberOtherViewController.swift in Sources */ = {isa = PBXBuildFile; fileRef = EEA944452A5D5FA20081E784 /* PartyMemberOtherViewController.swift */; };
		EEA944482A5D82260081E784 /* PartyOtherCell.swift in Sources */ = {isa = PBXBuildFile; fileRef = EEA944472A5D82260081E784 /* PartyOtherCell.swift */; };
		EEA9444A2A5D883D0081E784 /* OtherPartyInfo.swift in Sources */ = {isa = PBXBuildFile; fileRef = EEA944492A5D883D0081E784 /* OtherPartyInfo.swift */; };
		EEA9444C2A5D8A3A0081E784 /* PartyMemberOtherViewModel.swift in Sources */ = {isa = PBXBuildFile; fileRef = EEA9444B2A5D8A3A0081E784 /* PartyMemberOtherViewModel.swift */; };
		EEA9444E2A5D8ABC0081E784 /* PartyMemberOtherUsecase.swift in Sources */ = {isa = PBXBuildFile; fileRef = EEA9444D2A5D8ABC0081E784 /* PartyMemberOtherUsecase.swift */; };
		EEA944522A5D9CA50081E784 /* PartyFoodCell.swift in Sources */ = {isa = PBXBuildFile; fileRef = EEA944512A5D9CA50081E784 /* PartyFoodCell.swift */; };
		EEA944542A5D9CE30081E784 /* FoodPartyInfo.swift in Sources */ = {isa = PBXBuildFile; fileRef = EEA944532A5D9CE30081E784 /* FoodPartyInfo.swift */; };
		EEB776362A602B0500BFCAAD /* CalendarView.swift in Sources */ = {isa = PBXBuildFile; fileRef = EEB776352A602B0500BFCAAD /* CalendarView.swift */; };
		EEB776382A6031B300BFCAAD /* CalendarCell.swift in Sources */ = {isa = PBXBuildFile; fileRef = EEB776372A6031B300BFCAAD /* CalendarCell.swift */; };
		EEC441D42A76336300CD93BC /* ReviewWriteViewController.swift in Sources */ = {isa = PBXBuildFile; fileRef = EEC441D32A76336300CD93BC /* ReviewWriteViewController.swift */; };
		EEC441D92A77E28400CD93BC /* ReviewWriteViewModel.swift in Sources */ = {isa = PBXBuildFile; fileRef = EEC441D82A77E28400CD93BC /* ReviewWriteViewModel.swift */; };
		EEC60A482A4AB26D001DDC2A /* LoginType.swift in Sources */ = {isa = PBXBuildFile; fileRef = EEC60A472A4AB26D001DDC2A /* LoginType.swift */; };
		EEC60A4C2A4ACB4C001DDC2A /* LoginUsecase.swift in Sources */ = {isa = PBXBuildFile; fileRef = EEC60A4B2A4ACB4C001DDC2A /* LoginUsecase.swift */; };
		EEE6875A2A7276060063B94A /* ProductDetailMainViewController.swift in Sources */ = {isa = PBXBuildFile; fileRef = EEE687592A7276060063B94A /* ProductDetailMainViewController.swift */; };
		EEE8F0B92A5195F300E31597 /* LoginError.swift in Sources */ = {isa = PBXBuildFile; fileRef = EEE8F0B82A5195F300E31597 /* LoginError.swift */; };
		EEE8F0C12A52B17100E31597 /* Secrets.xcconfig in Resources */ = {isa = PBXBuildFile; fileRef = EEE8F0C02A52B17100E31597 /* Secrets.xcconfig */; };
		EEE8F0C52A52C1EF00E31597 /* SplashViewController.swift in Sources */ = {isa = PBXBuildFile; fileRef = EEE8F0C42A52C1EF00E31597 /* SplashViewController.swift */; };
		EEE8F0C72A52C37000E31597 /* Assets.xcassets in Resources */ = {isa = PBXBuildFile; fileRef = EEE8F0C62A52C37000E31597 /* Assets.xcassets */; };
		EEE8F0CB2A53D10D00E31597 /* UIColor + Extension.swift in Sources */ = {isa = PBXBuildFile; fileRef = EEE8F0CA2A53D10D00E31597 /* UIColor + Extension.swift */; };
		EEE8F0CD2A53ED3900E31597 /* UIViewController + Extension.swift in Sources */ = {isa = PBXBuildFile; fileRef = EEE8F0CC2A53ED3900E31597 /* UIViewController + Extension.swift */; };
		EEE8F0D22A55323600E31597 /* OnboardingViewController.swift in Sources */ = {isa = PBXBuildFile; fileRef = EEE8F0D12A55323600E31597 /* OnboardingViewController.swift */; };
		EEE8F0D42A55395F00E31597 /* OnboardingCell.swift in Sources */ = {isa = PBXBuildFile; fileRef = EEE8F0D32A55395F00E31597 /* OnboardingCell.swift */; };
		EEE8F0D62A5539F800E31597 /* UICollectionView + Extension.swift in Sources */ = {isa = PBXBuildFile; fileRef = EEE8F0D52A5539F800E31597 /* UICollectionView + Extension.swift */; };
		EEE8F0D82A553A2000E31597 /* UICollectionReusableView.swift in Sources */ = {isa = PBXBuildFile; fileRef = EEE8F0D72A553A2000E31597 /* UICollectionReusableView.swift */; };
		EEE8F0DB2A554ECE00E31597 /* OnboardingData.swift in Sources */ = {isa = PBXBuildFile; fileRef = EEE8F0DA2A554ECE00E31597 /* OnboardingData.swift */; };
		EEE8F0DE2A55515500E31597 /* OnboardingViewModel.swift in Sources */ = {isa = PBXBuildFile; fileRef = EEE8F0DD2A55515500E31597 /* OnboardingViewModel.swift */; };
		EEE8F0E12A559F7D00E31597 /* TermsOfServiceViewController.swift in Sources */ = {isa = PBXBuildFile; fileRef = EEE8F0E02A559F7D00E31597 /* TermsOfServiceViewController.swift */; };
		EEE8F0E62A5690E200E31597 /* CheckMarkButton.swift in Sources */ = {isa = PBXBuildFile; fileRef = EEE8F0E52A5690E200E31597 /* CheckMarkButton.swift */; };
		EEE8F0E82A56A87700E31597 /* ExpandButton.swift in Sources */ = {isa = PBXBuildFile; fileRef = EEE8F0E72A56A87700E31597 /* ExpandButton.swift */; };
		EEE8F0EA2A56AC5D00E31597 /* UIStackView + Extension.swift in Sources */ = {isa = PBXBuildFile; fileRef = EEE8F0E92A56AC5D00E31597 /* UIStackView + Extension.swift */; };
		EEE8F0EC2A56ACF000E31597 /* UIView + Extension.swift in Sources */ = {isa = PBXBuildFile; fileRef = EEE8F0EB2A56ACF000E31597 /* UIView + Extension.swift */; };
		EEE8F0EF2A56AFEB00E31597 /* TermsOfServiceViewModel.swift in Sources */ = {isa = PBXBuildFile; fileRef = EEE8F0EE2A56AFEB00E31597 /* TermsOfServiceViewModel.swift */; };
		EEE8F0F32A56E31F00E31597 /* NicknameSettingViewController.swift in Sources */ = {isa = PBXBuildFile; fileRef = EEE8F0F22A56E31F00E31597 /* NicknameSettingViewController.swift */; };
		EEE8F0F62A56FFF600E31597 /* NicknameSettingViewModel.swift in Sources */ = {isa = PBXBuildFile; fileRef = EEE8F0F52A56FFF600E31597 /* NicknameSettingViewModel.swift */; };
		EEE8F0F82A57025000E31597 /* String + Extension.swift in Sources */ = {isa = PBXBuildFile; fileRef = EEE8F0F72A57025000E31597 /* String + Extension.swift */; };
		EEED57132A4EA321003D2F9C /* GoogleSignIn in Frameworks */ = {isa = PBXBuildFile; productRef = EEED57122A4EA321003D2F9C /* GoogleSignIn */; };
		EEF8153E2A735BC5009C1C57 /* DetailInfoView.swift in Sources */ = {isa = PBXBuildFile; fileRef = EEF8153D2A735BC5009C1C57 /* DetailInfoView.swift */; };
		EEF815402A7361F6009C1C57 /* BorderView.swift in Sources */ = {isa = PBXBuildFile; fileRef = EEF8153F2A7361F6009C1C57 /* BorderView.swift */; };
		EEF815432A736C4F009C1C57 /* DetailReviewView.swift in Sources */ = {isa = PBXBuildFile; fileRef = EEF815422A736C4F009C1C57 /* DetailReviewView.swift */; };
		EEF815452A738325009C1C57 /* StarImageView.swift in Sources */ = {isa = PBXBuildFile; fileRef = EEF815442A738325009C1C57 /* StarImageView.swift */; };
		EEF815472A73867A009C1C57 /* GradeStackView.swift in Sources */ = {isa = PBXBuildFile; fileRef = EEF815462A73867A009C1C57 /* GradeStackView.swift */; };
		EEF815492A73885F009C1C57 /* ReviewInfo.swift in Sources */ = {isa = PBXBuildFile; fileRef = EEF815482A73885F009C1C57 /* ReviewInfo.swift */; };
		EEF8154B2A73A536009C1C57 /* DetailLostItemView.swift in Sources */ = {isa = PBXBuildFile; fileRef = EEF8154A2A73A536009C1C57 /* DetailLostItemView.swift */; };
		EEF8154D2A73A7A4009C1C57 /* LostItemInfo.swift in Sources */ = {isa = PBXBuildFile; fileRef = EEF8154C2A73A7A4009C1C57 /* LostItemInfo.swift */; };
		EEF8154F2A73AE69009C1C57 /* ReviewViewController.swift in Sources */ = {isa = PBXBuildFile; fileRef = EEF8154E2A73AE69009C1C57 /* ReviewViewController.swift */; };
		EEF815512A73B2D5009C1C57 /* ProductReviewCell.swift in Sources */ = {isa = PBXBuildFile; fileRef = EEF815502A73B2D5009C1C57 /* ProductReviewCell.swift */; };
/* End PBXBuildFile section */

/* Begin PBXFileReference section */
		30BC81784667B23249725CBA /* Pods-CurtainCall.release.xcconfig */ = {isa = PBXFileReference; includeInIndex = 1; lastKnownFileType = text.xcconfig; name = "Pods-CurtainCall.release.xcconfig"; path = "Target Support Files/Pods-CurtainCall/Pods-CurtainCall.release.xcconfig"; sourceTree = "<group>"; };
		4F5B6EE00ADF81B01C90D173 /* Pods_CurtainCall.framework */ = {isa = PBXFileReference; explicitFileType = wrapper.framework; includeInIndex = 0; path = Pods_CurtainCall.framework; sourceTree = BUILT_PRODUCTS_DIR; };
		5977E0BD409073342204321E /* Pods-CurtainCall.debug.xcconfig */ = {isa = PBXFileReference; includeInIndex = 1; lastKnownFileType = text.xcconfig; name = "Pods-CurtainCall.debug.xcconfig"; path = "Target Support Files/Pods-CurtainCall/Pods-CurtainCall.debug.xcconfig"; sourceTree = "<group>"; };
		EE0132162A5E542A00873107 /* PartyMemberRecruitingProductViewController.swift */ = {isa = PBXFileReference; lastKnownFileType = sourcecode.swift; path = PartyMemberRecruitingProductViewController.swift; sourceTree = "<group>"; };
		EE01323C2A5EFBE600873107 /* ProductPosterCell.swift */ = {isa = PBXFileReference; lastKnownFileType = sourcecode.swift; path = ProductPosterCell.swift; sourceTree = "<group>"; };
		EE01323E2A5F012500873107 /* ProductSelectInfo.swift */ = {isa = PBXFileReference; lastKnownFileType = sourcecode.swift; path = ProductSelectInfo.swift; sourceTree = "<group>"; };
		EE0132402A5F034800873107 /* PartyMemberRecruitingProductViewModel.swift */ = {isa = PBXFileReference; lastKnownFileType = sourcecode.swift; path = PartyMemberRecruitingProductViewModel.swift; sourceTree = "<group>"; };
		EE0132422A5F03AD00873107 /* PartyMemberRecruitingProductUsecase.swift */ = {isa = PBXFileReference; lastKnownFileType = sourcecode.swift; path = PartyMemberRecruitingProductUsecase.swift; sourceTree = "<group>"; };
		EE0BEDDA2A495539008D9D05 /* CurtainCall.app */ = {isa = PBXFileReference; explicitFileType = wrapper.application; includeInIndex = 0; path = CurtainCall.app; sourceTree = BUILT_PRODUCTS_DIR; };
		EE0BEDDD2A495539008D9D05 /* AppDelegate.swift */ = {isa = PBXFileReference; lastKnownFileType = sourcecode.swift; path = AppDelegate.swift; sourceTree = "<group>"; };
		EE0BEDDF2A495539008D9D05 /* SceneDelegate.swift */ = {isa = PBXFileReference; lastKnownFileType = sourcecode.swift; path = SceneDelegate.swift; sourceTree = "<group>"; };
		EE0BEDE92A49553D008D9D05 /* Base */ = {isa = PBXFileReference; lastKnownFileType = file.storyboard; name = Base; path = Base.lproj/LaunchScreen.storyboard; sourceTree = "<group>"; };
		EE0BEDEB2A49553D008D9D05 /* Info.plist */ = {isa = PBXFileReference; lastKnownFileType = text.plist.xml; path = Info.plist; sourceTree = "<group>"; };
		EE0BEDF92A4958F2008D9D05 /* LoginViewController.swift */ = {isa = PBXFileReference; lastKnownFileType = sourcecode.swift; path = LoginViewController.swift; sourceTree = "<group>"; };
		EE0BEDFF2A4971FE008D9D05 /* ImageNamespace.swift */ = {isa = PBXFileReference; lastKnownFileType = sourcecode.swift; path = ImageNamespace.swift; sourceTree = "<group>"; };
		EE0BEE032A49909F008D9D05 /* LoginViewModel.swift */ = {isa = PBXFileReference; lastKnownFileType = sourcecode.swift; path = LoginViewModel.swift; sourceTree = "<group>"; };
		EE3E02922A77EF57007C3D71 /* LostItemViewController.swift */ = {isa = PBXFileReference; lastKnownFileType = sourcecode.swift; path = LostItemViewController.swift; sourceTree = "<group>"; };
		EE3E02942A77FA6B007C3D71 /* CALayer + Extension.swift */ = {isa = PBXFileReference; lastKnownFileType = sourcecode.swift; path = "CALayer + Extension.swift"; sourceTree = "<group>"; };
		EE3E02962A77FF06007C3D71 /* LostItemLargeCategoryView.swift */ = {isa = PBXFileReference; lastKnownFileType = sourcecode.swift; path = LostItemLargeCategoryView.swift; sourceTree = "<group>"; };
		EE3F2FDD2A57D2A300BC539C /* NicknameSettingUsecase.swift */ = {isa = PBXFileReference; lastKnownFileType = sourcecode.swift; path = NicknameSettingUsecase.swift; sourceTree = "<group>"; };
		EE3F2FDF2A57DE3A00BC539C /* NicknameValidType.swift */ = {isa = PBXFileReference; lastKnownFileType = sourcecode.swift; path = NicknameValidType.swift; sourceTree = "<group>"; };
		EE3F2FE12A57E4CC00BC539C /* LoginCompleteViewController.swift */ = {isa = PBXFileReference; lastKnownFileType = sourcecode.swift; path = LoginCompleteViewController.swift; sourceTree = "<group>"; };
		EE3F2FE32A5802C400BC539C /* MainTabBarController.swift */ = {isa = PBXFileReference; lastKnownFileType = sourcecode.swift; path = MainTabBarController.swift; sourceTree = "<group>"; };
		EE3F2FE72A5811BA00BC539C /* HomeViewController.swift */ = {isa = PBXFileReference; lastKnownFileType = sourcecode.swift; path = HomeViewController.swift; sourceTree = "<group>"; };
		EE3F2FF12A58123600BC539C /* MyPageViewController.swift */ = {isa = PBXFileReference; lastKnownFileType = sourcecode.swift; path = MyPageViewController.swift; sourceTree = "<group>"; };
		EE3F2FF32A58127200BC539C /* PartyMemberViewController.swift */ = {isa = PBXFileReference; lastKnownFileType = sourcecode.swift; path = PartyMemberViewController.swift; sourceTree = "<group>"; };
		EE3F2FF52A58128600BC539C /* LiveTalkViewController.swift */ = {isa = PBXFileReference; lastKnownFileType = sourcecode.swift; path = LiveTalkViewController.swift; sourceTree = "<group>"; };
		EE3F2FF72A58129300BC539C /* ProductViewController.swift */ = {isa = PBXFileReference; lastKnownFileType = sourcecode.swift; path = ProductViewController.swift; sourceTree = "<group>"; };
		EE4467352A68270500CDFE05 /* PartyMemberOtherRecruitingDateViewController.swift */ = {isa = PBXFileReference; lastKnownFileType = sourcecode.swift; path = PartyMemberOtherRecruitingDateViewController.swift; sourceTree = "<group>"; };
		EE45438E2A63CD0F00A2A427 /* PartyMemberRecruitingDateViewModel.swift */ = {isa = PBXFileReference; lastKnownFileType = sourcecode.swift; path = PartyMemberRecruitingDateViewModel.swift; sourceTree = "<group>"; };
		EE4B34232A66D28700E6EB01 /* SpoqaHanSansNeo-Light.otf */ = {isa = PBXFileReference; lastKnownFileType = file; path = "SpoqaHanSansNeo-Light.otf"; sourceTree = "<group>"; };
		EE4B34242A66D28800E6EB01 /* SpoqaHanSansNeo-Medium.otf */ = {isa = PBXFileReference; lastKnownFileType = file; path = "SpoqaHanSansNeo-Medium.otf"; sourceTree = "<group>"; };
		EE4B34262A66D28800E6EB01 /* SpoqaHanSansNeo-Thin.otf */ = {isa = PBXFileReference; lastKnownFileType = file; path = "SpoqaHanSansNeo-Thin.otf"; sourceTree = "<group>"; };
		EE4B34272A66D28900E6EB01 /* SpoqaHanSansNeo-Regular.otf */ = {isa = PBXFileReference; lastKnownFileType = file; path = "SpoqaHanSansNeo-Regular.otf"; sourceTree = "<group>"; };
		EE4B342F2A66D30A00E6EB01 /* SpoqaHanSansNeo-Bold.otf */ = {isa = PBXFileReference; lastKnownFileType = file; path = "SpoqaHanSansNeo-Bold.otf"; sourceTree = "<group>"; };
		EE4B34312A66D3E300E6EB01 /* UIFont + Extension.swift */ = {isa = PBXFileReference; lastKnownFileType = sourcecode.swift; path = "UIFont + Extension.swift"; sourceTree = "<group>"; };
		EE4EBAF22A4C303700939823 /* Secret.swift */ = {isa = PBXFileReference; lastKnownFileType = sourcecode.swift; path = Secret.swift; sourceTree = "<group>"; };
		EE5DED022A6511AB0027B0D4 /* TimeSelectView.swift */ = {isa = PBXFileReference; lastKnownFileType = sourcecode.swift; path = TimeSelectView.swift; sourceTree = "<group>"; };
		EE5DED042A6514660027B0D4 /* UITableViewCell + Extension.swift */ = {isa = PBXFileReference; lastKnownFileType = sourcecode.swift; path = "UITableViewCell + Extension.swift"; sourceTree = "<group>"; };
		EE5DED062A6514890027B0D4 /* UITableView + Extension.swift */ = {isa = PBXFileReference; lastKnownFileType = sourcecode.swift; path = "UITableView + Extension.swift"; sourceTree = "<group>"; };
		EE5DED082A6534050027B0D4 /* PartyMemberRecruitingContentViewController.swift */ = {isa = PBXFileReference; lastKnownFileType = sourcecode.swift; path = PartyMemberRecruitingContentViewController.swift; sourceTree = "<group>"; };
		EE5DED0A2A654EE20027B0D4 /* UITextField + Extension.swift */ = {isa = PBXFileReference; lastKnownFileType = sourcecode.swift; path = "UITextField + Extension.swift"; sourceTree = "<group>"; };
		EE5DED0C2A6563A60027B0D4 /* Constants.swift */ = {isa = PBXFileReference; lastKnownFileType = sourcecode.swift; path = Constants.swift; sourceTree = "<group>"; };
		EE5DED0E2A6581E10027B0D4 /* PartyMemberRecruitingContentViewModel.swift */ = {isa = PBXFileReference; lastKnownFileType = sourcecode.swift; path = PartyMemberRecruitingContentViewModel.swift; sourceTree = "<group>"; };
		EE5DED102A6586010027B0D4 /* PartyMemberWriteCompleteViewController.swift */ = {isa = PBXFileReference; lastKnownFileType = sourcecode.swift; path = PartyMemberWriteCompleteViewController.swift; sourceTree = "<group>"; };
		EE7F06022A61449A002F83ED /* CalendarProtocol.swift */ = {isa = PBXFileReference; lastKnownFileType = sourcecode.swift; path = CalendarProtocol.swift; sourceTree = "<group>"; };
		EE93011C2A6EB98800C8FBA5 /* DotLineView.swift */ = {isa = PBXFileReference; lastKnownFileType = sourcecode.swift; path = DotLineView.swift; sourceTree = "<group>"; };
		EE93011F2A70114700C8FBA5 /* PartyMemberRecruitingOtherDetailViewController.swift */ = {isa = PBXFileReference; lastKnownFileType = sourcecode.swift; path = PartyMemberRecruitingOtherDetailViewController.swift; sourceTree = "<group>"; };
		EE9301232A723AAC00C8FBA5 /* ProductSearchCell.swift */ = {isa = PBXFileReference; lastKnownFileType = sourcecode.swift; path = ProductSearchCell.swift; sourceTree = "<group>"; };
		EE9301252A72470200C8FBA5 /* ProductSearchInfo.swift */ = {isa = PBXFileReference; lastKnownFileType = sourcecode.swift; path = ProductSearchInfo.swift; sourceTree = "<group>"; };
		EE93AA2E2A6BAE4400E30C76 /* PartyMemberOtherRecruitingDateViewModel.swift */ = {isa = PBXFileReference; lastKnownFileType = sourcecode.swift; path = PartyMemberOtherRecruitingDateViewModel.swift; sourceTree = "<group>"; };
		EE93AA302A6BB17A00E30C76 /* BottomNextButton.swift */ = {isa = PBXFileReference; lastKnownFileType = sourcecode.swift; path = BottomNextButton.swift; sourceTree = "<group>"; };
		EE93AA322A6BBDC700E30C76 /* PartyMemberOtherRecruitingContentViewController.swift */ = {isa = PBXFileReference; lastKnownFileType = sourcecode.swift; path = PartyMemberOtherRecruitingContentViewController.swift; sourceTree = "<group>"; };
		EE93AA352A6D70E000E30C76 /* PartyMemberRecruitingDetailViewController.swift */ = {isa = PBXFileReference; lastKnownFileType = sourcecode.swift; path = PartyMemberRecruitingDetailViewController.swift; sourceTree = "<group>"; };
		EE9B9A142A5FCB64009C6DB4 /* PartyMemberRecruitingDateViewController.swift */ = {isa = PBXFileReference; lastKnownFileType = sourcecode.swift; path = PartyMemberRecruitingDateViewController.swift; sourceTree = "<group>"; };
		EEA944342A5BF55C0081E784 /* PartyMemberProductViewController.swift */ = {isa = PBXFileReference; lastKnownFileType = sourcecode.swift; path = PartyMemberProductViewController.swift; sourceTree = "<group>"; };
		EEA944362A5C03130081E784 /* PartyType.swift */ = {isa = PBXFileReference; lastKnownFileType = sourcecode.swift; path = PartyType.swift; sourceTree = "<group>"; };
		EEA944392A5D1BE80081E784 /* PartyProductCell.swift */ = {isa = PBXFileReference; lastKnownFileType = sourcecode.swift; path = PartyProductCell.swift; sourceTree = "<group>"; };
		EEA9443C2A5D2F140081E784 /* ProductPartyInfo.swift */ = {isa = PBXFileReference; lastKnownFileType = sourcecode.swift; path = ProductPartyInfo.swift; sourceTree = "<group>"; };
		EEA9443E2A5D303E0081E784 /* Date + Extension.swift */ = {isa = PBXFileReference; lastKnownFileType = sourcecode.swift; path = "Date + Extension.swift"; sourceTree = "<group>"; };
		EEA944402A5D440F0081E784 /* PartyMemberProductViewModel.swift */ = {isa = PBXFileReference; lastKnownFileType = sourcecode.swift; path = PartyMemberProductViewModel.swift; sourceTree = "<group>"; };
		EEA944432A5D44EF0081E784 /* PartyMemberProductUsecase.swift */ = {isa = PBXFileReference; lastKnownFileType = sourcecode.swift; path = PartyMemberProductUsecase.swift; sourceTree = "<group>"; };
		EEA944452A5D5FA20081E784 /* PartyMemberOtherViewController.swift */ = {isa = PBXFileReference; lastKnownFileType = sourcecode.swift; path = PartyMemberOtherViewController.swift; sourceTree = "<group>"; };
		EEA944472A5D82260081E784 /* PartyOtherCell.swift */ = {isa = PBXFileReference; lastKnownFileType = sourcecode.swift; path = PartyOtherCell.swift; sourceTree = "<group>"; };
		EEA944492A5D883D0081E784 /* OtherPartyInfo.swift */ = {isa = PBXFileReference; lastKnownFileType = sourcecode.swift; path = OtherPartyInfo.swift; sourceTree = "<group>"; };
		EEA9444B2A5D8A3A0081E784 /* PartyMemberOtherViewModel.swift */ = {isa = PBXFileReference; lastKnownFileType = sourcecode.swift; path = PartyMemberOtherViewModel.swift; sourceTree = "<group>"; };
		EEA9444D2A5D8ABC0081E784 /* PartyMemberOtherUsecase.swift */ = {isa = PBXFileReference; lastKnownFileType = sourcecode.swift; path = PartyMemberOtherUsecase.swift; sourceTree = "<group>"; };
		EEA944512A5D9CA50081E784 /* PartyFoodCell.swift */ = {isa = PBXFileReference; lastKnownFileType = sourcecode.swift; path = PartyFoodCell.swift; sourceTree = "<group>"; };
		EEA944532A5D9CE30081E784 /* FoodPartyInfo.swift */ = {isa = PBXFileReference; lastKnownFileType = sourcecode.swift; path = FoodPartyInfo.swift; sourceTree = "<group>"; };
		EEB776352A602B0500BFCAAD /* CalendarView.swift */ = {isa = PBXFileReference; lastKnownFileType = sourcecode.swift; path = CalendarView.swift; sourceTree = "<group>"; };
		EEB776372A6031B300BFCAAD /* CalendarCell.swift */ = {isa = PBXFileReference; lastKnownFileType = sourcecode.swift; path = CalendarCell.swift; sourceTree = "<group>"; };
		EEC441D32A76336300CD93BC /* ReviewWriteViewController.swift */ = {isa = PBXFileReference; lastKnownFileType = sourcecode.swift; path = ReviewWriteViewController.swift; sourceTree = "<group>"; };
		EEC441D82A77E28400CD93BC /* ReviewWriteViewModel.swift */ = {isa = PBXFileReference; lastKnownFileType = sourcecode.swift; path = ReviewWriteViewModel.swift; sourceTree = "<group>"; };
		EEC60A472A4AB26D001DDC2A /* LoginType.swift */ = {isa = PBXFileReference; lastKnownFileType = sourcecode.swift; path = LoginType.swift; sourceTree = "<group>"; };
		EEC60A492A4AB90A001DDC2A /* CurtainCall.entitlements */ = {isa = PBXFileReference; lastKnownFileType = text.plist.entitlements; path = CurtainCall.entitlements; sourceTree = "<group>"; };
		EEC60A4B2A4ACB4C001DDC2A /* LoginUsecase.swift */ = {isa = PBXFileReference; lastKnownFileType = sourcecode.swift; path = LoginUsecase.swift; sourceTree = "<group>"; };
		EEE687592A7276060063B94A /* ProductDetailMainViewController.swift */ = {isa = PBXFileReference; lastKnownFileType = sourcecode.swift; path = ProductDetailMainViewController.swift; sourceTree = "<group>"; };
		EEE8F0B82A5195F300E31597 /* LoginError.swift */ = {isa = PBXFileReference; lastKnownFileType = sourcecode.swift; path = LoginError.swift; sourceTree = "<group>"; };
		EEE8F0C02A52B17100E31597 /* Secrets.xcconfig */ = {isa = PBXFileReference; lastKnownFileType = text.xcconfig; path = Secrets.xcconfig; sourceTree = "<group>"; };
		EEE8F0C42A52C1EF00E31597 /* SplashViewController.swift */ = {isa = PBXFileReference; lastKnownFileType = sourcecode.swift; path = SplashViewController.swift; sourceTree = "<group>"; };
		EEE8F0C62A52C37000E31597 /* Assets.xcassets */ = {isa = PBXFileReference; lastKnownFileType = folder.assetcatalog; path = Assets.xcassets; sourceTree = "<group>"; };
		EEE8F0CA2A53D10D00E31597 /* UIColor + Extension.swift */ = {isa = PBXFileReference; lastKnownFileType = sourcecode.swift; path = "UIColor + Extension.swift"; sourceTree = "<group>"; };
		EEE8F0CC2A53ED3900E31597 /* UIViewController + Extension.swift */ = {isa = PBXFileReference; lastKnownFileType = sourcecode.swift; path = "UIViewController + Extension.swift"; sourceTree = "<group>"; };
		EEE8F0D12A55323600E31597 /* OnboardingViewController.swift */ = {isa = PBXFileReference; lastKnownFileType = sourcecode.swift; path = OnboardingViewController.swift; sourceTree = "<group>"; };
		EEE8F0D32A55395F00E31597 /* OnboardingCell.swift */ = {isa = PBXFileReference; lastKnownFileType = sourcecode.swift; path = OnboardingCell.swift; sourceTree = "<group>"; };
		EEE8F0D52A5539F800E31597 /* UICollectionView + Extension.swift */ = {isa = PBXFileReference; lastKnownFileType = sourcecode.swift; path = "UICollectionView + Extension.swift"; sourceTree = "<group>"; };
		EEE8F0D72A553A2000E31597 /* UICollectionReusableView.swift */ = {isa = PBXFileReference; lastKnownFileType = sourcecode.swift; path = UICollectionReusableView.swift; sourceTree = "<group>"; };
		EEE8F0DA2A554ECE00E31597 /* OnboardingData.swift */ = {isa = PBXFileReference; lastKnownFileType = sourcecode.swift; path = OnboardingData.swift; sourceTree = "<group>"; };
		EEE8F0DD2A55515500E31597 /* OnboardingViewModel.swift */ = {isa = PBXFileReference; lastKnownFileType = sourcecode.swift; path = OnboardingViewModel.swift; sourceTree = "<group>"; };
		EEE8F0E02A559F7D00E31597 /* TermsOfServiceViewController.swift */ = {isa = PBXFileReference; lastKnownFileType = sourcecode.swift; path = TermsOfServiceViewController.swift; sourceTree = "<group>"; };
		EEE8F0E52A5690E200E31597 /* CheckMarkButton.swift */ = {isa = PBXFileReference; lastKnownFileType = sourcecode.swift; path = CheckMarkButton.swift; sourceTree = "<group>"; };
		EEE8F0E72A56A87700E31597 /* ExpandButton.swift */ = {isa = PBXFileReference; lastKnownFileType = sourcecode.swift; path = ExpandButton.swift; sourceTree = "<group>"; };
		EEE8F0E92A56AC5D00E31597 /* UIStackView + Extension.swift */ = {isa = PBXFileReference; lastKnownFileType = sourcecode.swift; path = "UIStackView + Extension.swift"; sourceTree = "<group>"; };
		EEE8F0EB2A56ACF000E31597 /* UIView + Extension.swift */ = {isa = PBXFileReference; lastKnownFileType = sourcecode.swift; path = "UIView + Extension.swift"; sourceTree = "<group>"; };
		EEE8F0EE2A56AFEB00E31597 /* TermsOfServiceViewModel.swift */ = {isa = PBXFileReference; lastKnownFileType = sourcecode.swift; path = TermsOfServiceViewModel.swift; sourceTree = "<group>"; };
		EEE8F0F22A56E31F00E31597 /* NicknameSettingViewController.swift */ = {isa = PBXFileReference; lastKnownFileType = sourcecode.swift; path = NicknameSettingViewController.swift; sourceTree = "<group>"; };
		EEE8F0F52A56FFF600E31597 /* NicknameSettingViewModel.swift */ = {isa = PBXFileReference; lastKnownFileType = sourcecode.swift; path = NicknameSettingViewModel.swift; sourceTree = "<group>"; };
		EEE8F0F72A57025000E31597 /* String + Extension.swift */ = {isa = PBXFileReference; lastKnownFileType = sourcecode.swift; path = "String + Extension.swift"; sourceTree = "<group>"; };
		EEF8153D2A735BC5009C1C57 /* DetailInfoView.swift */ = {isa = PBXFileReference; lastKnownFileType = sourcecode.swift; path = DetailInfoView.swift; sourceTree = "<group>"; };
		EEF8153F2A7361F6009C1C57 /* BorderView.swift */ = {isa = PBXFileReference; lastKnownFileType = sourcecode.swift; path = BorderView.swift; sourceTree = "<group>"; };
		EEF815422A736C4F009C1C57 /* DetailReviewView.swift */ = {isa = PBXFileReference; lastKnownFileType = sourcecode.swift; path = DetailReviewView.swift; sourceTree = "<group>"; };
		EEF815442A738325009C1C57 /* StarImageView.swift */ = {isa = PBXFileReference; lastKnownFileType = sourcecode.swift; path = StarImageView.swift; sourceTree = "<group>"; };
		EEF815462A73867A009C1C57 /* GradeStackView.swift */ = {isa = PBXFileReference; lastKnownFileType = sourcecode.swift; path = GradeStackView.swift; sourceTree = "<group>"; };
		EEF815482A73885F009C1C57 /* ReviewInfo.swift */ = {isa = PBXFileReference; lastKnownFileType = sourcecode.swift; path = ReviewInfo.swift; sourceTree = "<group>"; };
		EEF8154A2A73A536009C1C57 /* DetailLostItemView.swift */ = {isa = PBXFileReference; lastKnownFileType = sourcecode.swift; path = DetailLostItemView.swift; sourceTree = "<group>"; };
		EEF8154C2A73A7A4009C1C57 /* LostItemInfo.swift */ = {isa = PBXFileReference; lastKnownFileType = sourcecode.swift; path = LostItemInfo.swift; sourceTree = "<group>"; };
		EEF8154E2A73AE69009C1C57 /* ReviewViewController.swift */ = {isa = PBXFileReference; lastKnownFileType = sourcecode.swift; path = ReviewViewController.swift; sourceTree = "<group>"; };
		EEF815502A73B2D5009C1C57 /* ProductReviewCell.swift */ = {isa = PBXFileReference; lastKnownFileType = sourcecode.swift; path = ProductReviewCell.swift; sourceTree = "<group>"; };
/* End PBXFileReference section */

/* Begin PBXFrameworksBuildPhase section */
		EE0BEDD72A495539008D9D05 /* Frameworks */ = {
			isa = PBXFrameworksBuildPhase;
			buildActionMask = 2147483647;
			files = (
				EE0304B62A4E816C0038A09E /* FacebookLogin in Frameworks */,
				EE0BEDFD2A495AAB008D9D05 /* SnapKit in Frameworks */,
				EE4EBAE32A4C013B00939823 /* KakaoSDKAuth in Frameworks */,
				EE4EBAE52A4C013B00939823 /* KakaoSDKUser in Frameworks */,
				EE0304B42A4E816C0038A09E /* FacebookCore in Frameworks */,
				EEED57132A4EA321003D2F9C /* GoogleSignIn in Frameworks */,
				0AE959D30E1325E953B34349 /* Pods_CurtainCall.framework in Frameworks */,
			);
			runOnlyForDeploymentPostprocessing = 0;
		};
/* End PBXFrameworksBuildPhase section */

/* Begin PBXGroup section */
		A75E7E2A0CD0DACD8D695892 /* Pods */ = {
			isa = PBXGroup;
			children = (
				5977E0BD409073342204321E /* Pods-CurtainCall.debug.xcconfig */,
				30BC81784667B23249725CBA /* Pods-CurtainCall.release.xcconfig */,
			);
			path = Pods;
			sourceTree = "<group>";
		};
		BF01F703A60BC3ED024BB950 /* Frameworks */ = {
			isa = PBXGroup;
			children = (
				4F5B6EE00ADF81B01C90D173 /* Pods_CurtainCall.framework */,
			);
			name = Frameworks;
			sourceTree = "<group>";
		};
		EE0132152A5E53C800873107 /* Cell */ = {
			isa = PBXGroup;
			children = (
				EEA944392A5D1BE80081E784 /* PartyProductCell.swift */,
				EEA944472A5D82260081E784 /* PartyOtherCell.swift */,
				EEA944512A5D9CA50081E784 /* PartyFoodCell.swift */,
				EE01323C2A5EFBE600873107 /* ProductPosterCell.swift */,
			);
			path = Cell;
			sourceTree = "<group>";
		};
		EE0BEDD12A495539008D9D05 = {
			isa = PBXGroup;
			children = (
				EEE8F0C02A52B17100E31597 /* Secrets.xcconfig */,
				EE0BEDDC2A495539008D9D05 /* CurtainCall */,
				EE0BEDDB2A495539008D9D05 /* Products */,
				A75E7E2A0CD0DACD8D695892 /* Pods */,
				BF01F703A60BC3ED024BB950 /* Frameworks */,
			);
			sourceTree = "<group>";
		};
		EE0BEDDB2A495539008D9D05 /* Products */ = {
			isa = PBXGroup;
			children = (
				EE0BEDDA2A495539008D9D05 /* CurtainCall.app */,
			);
			name = Products;
			sourceTree = "<group>";
		};
		EE0BEDDC2A495539008D9D05 /* CurtainCall */ = {
			isa = PBXGroup;
			children = (
				EE4B341B2A66D14800E6EB01 /* Resources */,
				EE4EBAF12A4C302D00939823 /* Secret */,
				EEC60A492A4AB90A001DDC2A /* CurtainCall.entitlements */,
				EE0BEDF12A49574F008D9D05 /* App */,
				EE0BEDF52A4958B3008D9D05 /* Common */,
				EE0BEDF32A49586C008D9D05 /* Presentation */,
				EE0BEDF22A49584D008D9D05 /* Domain */,
				EE0BEDF42A495894008D9D05 /* Data */,
			);
			path = CurtainCall;
			sourceTree = "<group>";
		};
		EE0BEDF12A49574F008D9D05 /* App */ = {
			isa = PBXGroup;
			children = (
				EEE8F0C62A52C37000E31597 /* Assets.xcassets */,
				EE0BEDE82A49553D008D9D05 /* LaunchScreen.storyboard */,
				EE0BEDDD2A495539008D9D05 /* AppDelegate.swift */,
				EE0BEDDF2A495539008D9D05 /* SceneDelegate.swift */,
				EE0BEDEB2A49553D008D9D05 /* Info.plist */,
			);
			path = App;
			sourceTree = "<group>";
		};
		EE0BEDF22A49584D008D9D05 /* Domain */ = {
			isa = PBXGroup;
			children = (
				EEA9443B2A5D2F000081E784 /* Entity */,
				EEC60A4A2A4ACB0C001DDC2A /* UseCases */,
			);
			path = Domain;
			sourceTree = "<group>";
		};
		EE0BEDF32A49586C008D9D05 /* Presentation */ = {
			isa = PBXGroup;
			children = (
				EE3F2FEC2A58121900BC539C /* MyPage */,
				EE3F2FEB2A58121100BC539C /* PartyMember */,
				EE3F2FEA2A58120A00BC539C /* LiveTalk */,
				EE3F2FE92A58120300BC539C /* Product */,
				EE3F2FE52A5811A500BC539C /* Home */,
				EEE8F0F02A56E30800E31597 /* NicknameSetting */,
				EEE8F0DF2A559F6700E31597 /* TermsOfService */,
				EEE8F0CF2A552F5D00E31597 /* Onboarding */,
				EEE8F0C22A52C1DA00E31597 /* Splash */,
				EE0BEDF62A4958DA008D9D05 /* Login */,
			);
			path = Presentation;
			sourceTree = "<group>";
		};
		EE0BEDF42A495894008D9D05 /* Data */ = {
			isa = PBXGroup;
			children = (
			);
			path = Data;
			sourceTree = "<group>";
		};
		EE0BEDF52A4958B3008D9D05 /* Common */ = {
			isa = PBXGroup;
			children = (
				EEE8F0E42A5690CB00E31597 /* UI */,
				EEE8F0C92A53D05B00E31597 /* Extension */,
				EEE8F0B72A5195E500E31597 /* Errors */,
				EEC60A462A4AB262001DDC2A /* Enums */,
				EE0BEDFE2A497187008D9D05 /* Constants */,
			);
			path = Common;
			sourceTree = "<group>";
		};
		EE0BEDF62A4958DA008D9D05 /* Login */ = {
			isa = PBXGroup;
			children = (
				EE0BEDF72A4958DF008D9D05 /* View */,
				EE0BEDF82A4958E3008D9D05 /* ViewModel */,
			);
			path = Login;
			sourceTree = "<group>";
		};
		EE0BEDF72A4958DF008D9D05 /* View */ = {
			isa = PBXGroup;
			children = (
				EE0BEDF92A4958F2008D9D05 /* LoginViewController.swift */,
			);
			path = View;
			sourceTree = "<group>";
		};
		EE0BEDF82A4958E3008D9D05 /* ViewModel */ = {
			isa = PBXGroup;
			children = (
				EE0BEE032A49909F008D9D05 /* LoginViewModel.swift */,
			);
			path = ViewModel;
			sourceTree = "<group>";
		};
		EE0BEDFE2A497187008D9D05 /* Constants */ = {
			isa = PBXGroup;
			children = (
				EE0BEDFF2A4971FE008D9D05 /* ImageNamespace.swift */,
				EE5DED0C2A6563A60027B0D4 /* Constants.swift */,
			);
			path = Constants;
			sourceTree = "<group>";
		};
		EE3E02912A77EF35007C3D71 /* LostItem */ = {
			isa = PBXGroup;
			children = (
				EE3E02922A77EF57007C3D71 /* LostItemViewController.swift */,
			);
			path = LostItem;
			sourceTree = "<group>";
		};
		EE3F2FE52A5811A500BC539C /* Home */ = {
			isa = PBXGroup;
			children = (
				EE3F2FE62A5811AC00BC539C /* View */,
			);
			path = Home;
			sourceTree = "<group>";
		};
		EE3F2FE62A5811AC00BC539C /* View */ = {
			isa = PBXGroup;
			children = (
				EE3F2FE72A5811BA00BC539C /* HomeViewController.swift */,
			);
			path = View;
			sourceTree = "<group>";
		};
		EE3F2FE92A58120300BC539C /* Product */ = {
			isa = PBXGroup;
			children = (
				EEC441D62A77E26400CD93BC /* ViewModel */,
				EE3F2FED2A58121E00BC539C /* View */,
			);
			path = Product;
			sourceTree = "<group>";
		};
		EE3F2FEA2A58120A00BC539C /* LiveTalk */ = {
			isa = PBXGroup;
			children = (
				EE3F2FEE2A58122100BC539C /* View */,
			);
			path = LiveTalk;
			sourceTree = "<group>";
		};
		EE3F2FEB2A58121100BC539C /* PartyMember */ = {
			isa = PBXGroup;
			children = (
				EE3F2FEF2A58122700BC539C /* View */,
				EEA944422A5D44130081E784 /* ViewModel */,
			);
			path = PartyMember;
			sourceTree = "<group>";
		};
		EE3F2FEC2A58121900BC539C /* MyPage */ = {
			isa = PBXGroup;
			children = (
				EE3F2FF02A58122B00BC539C /* View */,
			);
			path = MyPage;
			sourceTree = "<group>";
		};
		EE3F2FED2A58121E00BC539C /* View */ = {
			isa = PBXGroup;
			children = (
				EE9301222A723A8E00C8FBA5 /* Cell */,
				EE3F2FF72A58129300BC539C /* ProductViewController.swift */,
				EEE687592A7276060063B94A /* ProductDetailMainViewController.swift */,
				EE3E02912A77EF35007C3D71 /* LostItem */,
				EEC441D52A76336800CD93BC /* Review */,
				EEF815412A736C40009C1C57 /* DetailViews */,
			);
			path = View;
			sourceTree = "<group>";
		};
		EE3F2FEE2A58122100BC539C /* View */ = {
			isa = PBXGroup;
			children = (
				EE3F2FF52A58128600BC539C /* LiveTalkViewController.swift */,
			);
			path = View;
			sourceTree = "<group>";
		};
		EE3F2FEF2A58122700BC539C /* View */ = {
			isa = PBXGroup;
			children = (
				EE3F2FF32A58127200BC539C /* PartyMemberViewController.swift */,
				EEA944342A5BF55C0081E784 /* PartyMemberProductViewController.swift */,
				EEA944452A5D5FA20081E784 /* PartyMemberOtherViewController.swift */,
				EE0132162A5E542A00873107 /* PartyMemberRecruitingProductViewController.swift */,
				EE9B9A142A5FCB64009C6DB4 /* PartyMemberRecruitingDateViewController.swift */,
				EE5DED082A6534050027B0D4 /* PartyMemberRecruitingContentViewController.swift */,
				EE5DED102A6586010027B0D4 /* PartyMemberWriteCompleteViewController.swift */,
				EE4467352A68270500CDFE05 /* PartyMemberOtherRecruitingDateViewController.swift */,
				EE93AA322A6BBDC700E30C76 /* PartyMemberOtherRecruitingContentViewController.swift */,
				EE93AA352A6D70E000E30C76 /* PartyMemberRecruitingDetailViewController.swift */,
				EE93011F2A70114700C8FBA5 /* PartyMemberRecruitingOtherDetailViewController.swift */,
				EE0132152A5E53C800873107 /* Cell */,
			);
			path = View;
			sourceTree = "<group>";
		};
		EE3F2FF02A58122B00BC539C /* View */ = {
			isa = PBXGroup;
			children = (
				EE3F2FF12A58123600BC539C /* MyPageViewController.swift */,
			);
			path = View;
			sourceTree = "<group>";
		};
		EE4B341B2A66D14800E6EB01 /* Resources */ = {
			isa = PBXGroup;
			children = (
				EE4B341C2A66D15100E6EB01 /* Font */,
			);
			path = Resources;
			sourceTree = "<group>";
		};
		EE4B341C2A66D15100E6EB01 /* Font */ = {
			isa = PBXGroup;
			children = (
				EE4B342F2A66D30A00E6EB01 /* SpoqaHanSansNeo-Bold.otf */,
				EE4B34232A66D28700E6EB01 /* SpoqaHanSansNeo-Light.otf */,
				EE4B34242A66D28800E6EB01 /* SpoqaHanSansNeo-Medium.otf */,
				EE4B34272A66D28900E6EB01 /* SpoqaHanSansNeo-Regular.otf */,
				EE4B34262A66D28800E6EB01 /* SpoqaHanSansNeo-Thin.otf */,
			);
			path = Font;
			sourceTree = "<group>";
		};
		EE4EBAF12A4C302D00939823 /* Secret */ = {
			isa = PBXGroup;
			children = (
				EE4EBAF22A4C303700939823 /* Secret.swift */,
			);
			path = Secret;
			sourceTree = "<group>";
		};
		EE7F05FF2A61444D002F83ED /* Calendar */ = {
			isa = PBXGroup;
			children = (
				EEB776352A602B0500BFCAAD /* CalendarView.swift */,
				EEB776372A6031B300BFCAAD /* CalendarCell.swift */,
				EE7F06022A61449A002F83ED /* CalendarProtocol.swift */,
			);
			path = Calendar;
			sourceTree = "<group>";
		};
		EE9301222A723A8E00C8FBA5 /* Cell */ = {
			isa = PBXGroup;
			children = (
				EE9301232A723AAC00C8FBA5 /* ProductSearchCell.swift */,
				EEF815502A73B2D5009C1C57 /* ProductReviewCell.swift */,
			);
			path = Cell;
			sourceTree = "<group>";
		};
		EEA9443B2A5D2F000081E784 /* Entity */ = {
			isa = PBXGroup;
			children = (
				EEA9443C2A5D2F140081E784 /* ProductPartyInfo.swift */,
				EEA944492A5D883D0081E784 /* OtherPartyInfo.swift */,
				EEA944532A5D9CE30081E784 /* FoodPartyInfo.swift */,
				EE01323E2A5F012500873107 /* ProductSelectInfo.swift */,
				EE9301252A72470200C8FBA5 /* ProductSearchInfo.swift */,
				EEF815482A73885F009C1C57 /* ReviewInfo.swift */,
				EEF8154C2A73A7A4009C1C57 /* LostItemInfo.swift */,
			);
			path = Entity;
			sourceTree = "<group>";
		};
		EEA944422A5D44130081E784 /* ViewModel */ = {
			isa = PBXGroup;
			children = (
				EEA944402A5D440F0081E784 /* PartyMemberProductViewModel.swift */,
				EEA9444B2A5D8A3A0081E784 /* PartyMemberOtherViewModel.swift */,
				EE0132402A5F034800873107 /* PartyMemberRecruitingProductViewModel.swift */,
				EE45438E2A63CD0F00A2A427 /* PartyMemberRecruitingDateViewModel.swift */,
				EE5DED0E2A6581E10027B0D4 /* PartyMemberRecruitingContentViewModel.swift */,
				EE93AA2E2A6BAE4400E30C76 /* PartyMemberOtherRecruitingDateViewModel.swift */,
			);
			path = ViewModel;
			sourceTree = "<group>";
		};
		EEC441D52A76336800CD93BC /* Review */ = {
			isa = PBXGroup;
			children = (
				EEF8154E2A73AE69009C1C57 /* ReviewViewController.swift */,
				EEC441D32A76336300CD93BC /* ReviewWriteViewController.swift */,
			);
			path = Review;
			sourceTree = "<group>";
		};
		EEC441D62A77E26400CD93BC /* ViewModel */ = {
			isa = PBXGroup;
			children = (
				EEC441D82A77E28400CD93BC /* ReviewWriteViewModel.swift */,
			);
			path = ViewModel;
			sourceTree = "<group>";
		};
		EEC60A462A4AB262001DDC2A /* Enums */ = {
			isa = PBXGroup;
			children = (
				EEC60A472A4AB26D001DDC2A /* LoginType.swift */,
				EE3F2FDF2A57DE3A00BC539C /* NicknameValidType.swift */,
				EEA944362A5C03130081E784 /* PartyType.swift */,
			);
			path = Enums;
			sourceTree = "<group>";
		};
		EEC60A4A2A4ACB0C001DDC2A /* UseCases */ = {
			isa = PBXGroup;
			children = (
				EEC60A4B2A4ACB4C001DDC2A /* LoginUsecase.swift */,
				EE3F2FDD2A57D2A300BC539C /* NicknameSettingUsecase.swift */,
				EEA944432A5D44EF0081E784 /* PartyMemberProductUsecase.swift */,
				EEA9444D2A5D8ABC0081E784 /* PartyMemberOtherUsecase.swift */,
				EE0132422A5F03AD00873107 /* PartyMemberRecruitingProductUsecase.swift */,
			);
			path = UseCases;
			sourceTree = "<group>";
		};
		EEE8F0B72A5195E500E31597 /* Errors */ = {
			isa = PBXGroup;
			children = (
				EEE8F0B82A5195F300E31597 /* LoginError.swift */,
			);
			path = Errors;
			sourceTree = "<group>";
		};
		EEE8F0C22A52C1DA00E31597 /* Splash */ = {
			isa = PBXGroup;
			children = (
				EEE8F0C32A52C1DF00E31597 /* View */,
			);
			path = Splash;
			sourceTree = "<group>";
		};
		EEE8F0C32A52C1DF00E31597 /* View */ = {
			isa = PBXGroup;
			children = (
				EEE8F0C42A52C1EF00E31597 /* SplashViewController.swift */,
			);
			path = View;
			sourceTree = "<group>";
		};
		EEE8F0C92A53D05B00E31597 /* Extension */ = {
			isa = PBXGroup;
			children = (
				EEE8F0CA2A53D10D00E31597 /* UIColor + Extension.swift */,
				EEE8F0CC2A53ED3900E31597 /* UIViewController + Extension.swift */,
				EEE8F0D52A5539F800E31597 /* UICollectionView + Extension.swift */,
				EEE8F0D72A553A2000E31597 /* UICollectionReusableView.swift */,
				EEE8F0E92A56AC5D00E31597 /* UIStackView + Extension.swift */,
				EEE8F0EB2A56ACF000E31597 /* UIView + Extension.swift */,
				EEE8F0F72A57025000E31597 /* String + Extension.swift */,
				EEA9443E2A5D303E0081E784 /* Date + Extension.swift */,
				EE5DED042A6514660027B0D4 /* UITableViewCell + Extension.swift */,
				EE5DED062A6514890027B0D4 /* UITableView + Extension.swift */,
				EE5DED0A2A654EE20027B0D4 /* UITextField + Extension.swift */,
				EE4B34312A66D3E300E6EB01 /* UIFont + Extension.swift */,
				EE3E02942A77FA6B007C3D71 /* CALayer + Extension.swift */,
			);
			path = Extension;
			sourceTree = "<group>";
		};
		EEE8F0CF2A552F5D00E31597 /* Onboarding */ = {
			isa = PBXGroup;
			children = (
				EEE8F0DC2A5550E500E31597 /* ViewModel */,
				EEE8F0D92A554EBD00E31597 /* Model */,
				EEE8F0D02A55320E00E31597 /* View */,
			);
			path = Onboarding;
			sourceTree = "<group>";
		};
		EEE8F0D02A55320E00E31597 /* View */ = {
			isa = PBXGroup;
			children = (
				EEE8F0D12A55323600E31597 /* OnboardingViewController.swift */,
				EEE8F0D32A55395F00E31597 /* OnboardingCell.swift */,
			);
			path = View;
			sourceTree = "<group>";
		};
		EEE8F0D92A554EBD00E31597 /* Model */ = {
			isa = PBXGroup;
			children = (
				EEE8F0DA2A554ECE00E31597 /* OnboardingData.swift */,
			);
			path = Model;
			sourceTree = "<group>";
		};
		EEE8F0DC2A5550E500E31597 /* ViewModel */ = {
			isa = PBXGroup;
			children = (
				EEE8F0DD2A55515500E31597 /* OnboardingViewModel.swift */,
			);
			path = ViewModel;
			sourceTree = "<group>";
		};
		EEE8F0DF2A559F6700E31597 /* TermsOfService */ = {
			isa = PBXGroup;
			children = (
				EEE8F0ED2A56AFDB00E31597 /* ViewModel */,
				EEE8F0E22A559F8100E31597 /* View */,
			);
			path = TermsOfService;
			sourceTree = "<group>";
		};
		EEE8F0E22A559F8100E31597 /* View */ = {
			isa = PBXGroup;
			children = (
				EEE8F0E02A559F7D00E31597 /* TermsOfServiceViewController.swift */,
			);
			path = View;
			sourceTree = "<group>";
		};
		EEE8F0E42A5690CB00E31597 /* UI */ = {
			isa = PBXGroup;
			children = (
				EEE8F0E52A5690E200E31597 /* CheckMarkButton.swift */,
				EE5DED022A6511AB0027B0D4 /* TimeSelectView.swift */,
				EEE8F0E72A56A87700E31597 /* ExpandButton.swift */,
				EE93AA302A6BB17A00E30C76 /* BottomNextButton.swift */,
				EE3F2FE32A5802C400BC539C /* MainTabBarController.swift */,
				EEF8153F2A7361F6009C1C57 /* BorderView.swift */,
				EE93011C2A6EB98800C8FBA5 /* DotLineView.swift */,
				EE7F05FF2A61444D002F83ED /* Calendar */,
				EEF815442A738325009C1C57 /* StarImageView.swift */,
				EEF815462A73867A009C1C57 /* GradeStackView.swift */,
				EE3E02962A77FF06007C3D71 /* LostItemLargeCategoryView.swift */,
			);
			path = UI;
			sourceTree = "<group>";
		};
		EEE8F0ED2A56AFDB00E31597 /* ViewModel */ = {
			isa = PBXGroup;
			children = (
				EEE8F0EE2A56AFEB00E31597 /* TermsOfServiceViewModel.swift */,
			);
			path = ViewModel;
			sourceTree = "<group>";
		};
		EEE8F0F02A56E30800E31597 /* NicknameSetting */ = {
			isa = PBXGroup;
			children = (
				EEE8F0F42A56FFE700E31597 /* ViewModel */,
				EEE8F0F12A56E31100E31597 /* View */,
			);
			path = NicknameSetting;
			sourceTree = "<group>";
		};
		EEE8F0F12A56E31100E31597 /* View */ = {
			isa = PBXGroup;
			children = (
				EEE8F0F22A56E31F00E31597 /* NicknameSettingViewController.swift */,
				EE3F2FE12A57E4CC00BC539C /* LoginCompleteViewController.swift */,
			);
			path = View;
			sourceTree = "<group>";
		};
		EEE8F0F42A56FFE700E31597 /* ViewModel */ = {
			isa = PBXGroup;
			children = (
				EEE8F0F52A56FFF600E31597 /* NicknameSettingViewModel.swift */,
			);
			path = ViewModel;
			sourceTree = "<group>";
		};
		EEF815412A736C40009C1C57 /* DetailViews */ = {
			isa = PBXGroup;
			children = (
				EEF8153D2A735BC5009C1C57 /* DetailInfoView.swift */,
				EEF8154A2A73A536009C1C57 /* DetailLostItemView.swift */,
				EEF815422A736C4F009C1C57 /* DetailReviewView.swift */,
			);
			path = DetailViews;
			sourceTree = "<group>";
		};
/* End PBXGroup section */

/* Begin PBXNativeTarget section */
		EE0BEDD92A495539008D9D05 /* CurtainCall */ = {
			isa = PBXNativeTarget;
			buildConfigurationList = EE0BEDEE2A49553D008D9D05 /* Build configuration list for PBXNativeTarget "CurtainCall" */;
			buildPhases = (
				4B32CA3448B1DDC0BC09CA8D /* [CP] Check Pods Manifest.lock */,
				EE0BEDD62A495539008D9D05 /* Sources */,
				EE0BEDD72A495539008D9D05 /* Frameworks */,
				EE0BEDD82A495539008D9D05 /* Resources */,
				CCC0A44FACE6D40F59AC1670 /* [CP] Embed Pods Frameworks */,
			);
			buildRules = (
			);
			dependencies = (
			);
			name = CurtainCall;
			packageProductDependencies = (
				EE0BEDFC2A495AAB008D9D05 /* SnapKit */,
				EE4EBAE22A4C013B00939823 /* KakaoSDKAuth */,
				EE4EBAE42A4C013B00939823 /* KakaoSDKUser */,
				EE0304B32A4E816C0038A09E /* FacebookCore */,
				EE0304B52A4E816C0038A09E /* FacebookLogin */,
				EEED57122A4EA321003D2F9C /* GoogleSignIn */,
			);
			productName = CurtainCall;
			productReference = EE0BEDDA2A495539008D9D05 /* CurtainCall.app */;
			productType = "com.apple.product-type.application";
		};
/* End PBXNativeTarget section */

/* Begin PBXProject section */
		EE0BEDD22A495539008D9D05 /* Project object */ = {
			isa = PBXProject;
			attributes = {
				BuildIndependentTargetsInParallel = 1;
				LastSwiftUpdateCheck = 1430;
				LastUpgradeCheck = 1430;
				TargetAttributes = {
					EE0BEDD92A495539008D9D05 = {
						CreatedOnToolsVersion = 14.3.1;
					};
				};
			};
			buildConfigurationList = EE0BEDD52A495539008D9D05 /* Build configuration list for PBXProject "CurtainCall" */;
			compatibilityVersion = "Xcode 14.0";
			developmentRegion = en;
			hasScannedForEncodings = 0;
			knownRegions = (
				en,
				Base,
			);
			mainGroup = EE0BEDD12A495539008D9D05;
			packageReferences = (
				EE0BEDFB2A495AAB008D9D05 /* XCRemoteSwiftPackageReference "SnapKit" */,
				EE4EBAE12A4C013B00939823 /* XCRemoteSwiftPackageReference "kakao-ios-sdk" */,
				EE0304B22A4E816C0038A09E /* XCRemoteSwiftPackageReference "facebook-ios-sdk" */,
				EEED57112A4EA321003D2F9C /* XCRemoteSwiftPackageReference "GoogleSignIn-iOS" */,
			);
			productRefGroup = EE0BEDDB2A495539008D9D05 /* Products */;
			projectDirPath = "";
			projectRoot = "";
			targets = (
				EE0BEDD92A495539008D9D05 /* CurtainCall */,
			);
		};
/* End PBXProject section */

/* Begin PBXResourcesBuildPhase section */
		EE0BEDD82A495539008D9D05 /* Resources */ = {
			isa = PBXResourcesBuildPhase;
			buildActionMask = 2147483647;
			files = (
				EE4B34302A66D30A00E6EB01 /* SpoqaHanSansNeo-Bold.otf in Resources */,
				EE0BEDEA2A49553D008D9D05 /* LaunchScreen.storyboard in Resources */,
				EEE8F0C72A52C37000E31597 /* Assets.xcassets in Resources */,
				EEE8F0C12A52B17100E31597 /* Secrets.xcconfig in Resources */,
				EE4B342C2A66D28900E6EB01 /* SpoqaHanSansNeo-Regular.otf in Resources */,
				EE4B34292A66D28900E6EB01 /* SpoqaHanSansNeo-Medium.otf in Resources */,
				EE4B34282A66D28900E6EB01 /* SpoqaHanSansNeo-Light.otf in Resources */,
				EE4B342B2A66D28900E6EB01 /* SpoqaHanSansNeo-Thin.otf in Resources */,
			);
			runOnlyForDeploymentPostprocessing = 0;
		};
/* End PBXResourcesBuildPhase section */

/* Begin PBXShellScriptBuildPhase section */
		4B32CA3448B1DDC0BC09CA8D /* [CP] Check Pods Manifest.lock */ = {
			isa = PBXShellScriptBuildPhase;
			buildActionMask = 2147483647;
			files = (
			);
			inputFileListPaths = (
			);
			inputPaths = (
				"${PODS_PODFILE_DIR_PATH}/Podfile.lock",
				"${PODS_ROOT}/Manifest.lock",
			);
			name = "[CP] Check Pods Manifest.lock";
			outputFileListPaths = (
			);
			outputPaths = (
				"$(DERIVED_FILE_DIR)/Pods-CurtainCall-checkManifestLockResult.txt",
			);
			runOnlyForDeploymentPostprocessing = 0;
			shellPath = /bin/sh;
			shellScript = "diff \"${PODS_PODFILE_DIR_PATH}/Podfile.lock\" \"${PODS_ROOT}/Manifest.lock\" > /dev/null\nif [ $? != 0 ] ; then\n    # print error to STDERR\n    echo \"error: The sandbox is not in sync with the Podfile.lock. Run 'pod install' or update your CocoaPods installation.\" >&2\n    exit 1\nfi\n# This output is used by Xcode 'outputs' to avoid re-running this script phase.\necho \"SUCCESS\" > \"${SCRIPT_OUTPUT_FILE_0}\"\n";
			showEnvVarsInLog = 0;
		};
		CCC0A44FACE6D40F59AC1670 /* [CP] Embed Pods Frameworks */ = {
			isa = PBXShellScriptBuildPhase;
			buildActionMask = 2147483647;
			files = (
			);
			inputFileListPaths = (
				"${PODS_ROOT}/Target Support Files/Pods-CurtainCall/Pods-CurtainCall-frameworks-${CONFIGURATION}-input-files.xcfilelist",
			);
			name = "[CP] Embed Pods Frameworks";
			outputFileListPaths = (
				"${PODS_ROOT}/Target Support Files/Pods-CurtainCall/Pods-CurtainCall-frameworks-${CONFIGURATION}-output-files.xcfilelist",
			);
			runOnlyForDeploymentPostprocessing = 0;
			shellPath = /bin/sh;
			shellScript = "\"${PODS_ROOT}/Target Support Files/Pods-CurtainCall/Pods-CurtainCall-frameworks.sh\"\n";
			showEnvVarsInLog = 0;
		};
/* End PBXShellScriptBuildPhase section */

/* Begin PBXSourcesBuildPhase section */
		EE0BEDD62A495539008D9D05 /* Sources */ = {
			isa = PBXSourcesBuildPhase;
			buildActionMask = 2147483647;
			files = (
				EE4B34322A66D3E300E6EB01 /* UIFont + Extension.swift in Sources */,
				EEF815452A738325009C1C57 /* StarImageView.swift in Sources */,
				EEC441D42A76336300CD93BC /* ReviewWriteViewController.swift in Sources */,
				EEA944352A5BF55C0081E784 /* PartyMemberProductViewController.swift in Sources */,
				EE0132412A5F034800873107 /* PartyMemberRecruitingProductViewModel.swift in Sources */,
				EEE8F0E82A56A87700E31597 /* ExpandButton.swift in Sources */,
				EEE8F0EC2A56ACF000E31597 /* UIView + Extension.swift in Sources */,
				EEE8F0D62A5539F800E31597 /* UICollectionView + Extension.swift in Sources */,
				EEA9444A2A5D883D0081E784 /* OtherPartyInfo.swift in Sources */,
				EE3F2FE42A5802C400BC539C /* MainTabBarController.swift in Sources */,
				EE93AA362A6D70E000E30C76 /* PartyMemberRecruitingDetailViewController.swift in Sources */,
				EE3E02952A77FA6B007C3D71 /* CALayer + Extension.swift in Sources */,
				EEE8F0D82A553A2000E31597 /* UICollectionReusableView.swift in Sources */,
				EE01323F2A5F012500873107 /* ProductSelectInfo.swift in Sources */,
				EE3F2FF62A58128600BC539C /* LiveTalkViewController.swift in Sources */,
				EE3F2FF82A58129300BC539C /* ProductViewController.swift in Sources */,
				EE9301262A72470200C8FBA5 /* ProductSearchInfo.swift in Sources */,
				EEE8F0D22A55323600E31597 /* OnboardingViewController.swift in Sources */,
				EEC60A482A4AB26D001DDC2A /* LoginType.swift in Sources */,
				EEF815402A7361F6009C1C57 /* BorderView.swift in Sources */,
				EEA9443F2A5D303E0081E784 /* Date + Extension.swift in Sources */,
				EEA9444C2A5D8A3A0081E784 /* PartyMemberOtherViewModel.swift in Sources */,
				EEF815472A73867A009C1C57 /* GradeStackView.swift in Sources */,
				EE5DED0F2A6581E10027B0D4 /* PartyMemberRecruitingContentViewModel.swift in Sources */,
				EE3E02932A77EF57007C3D71 /* LostItemViewController.swift in Sources */,
				EEF815512A73B2D5009C1C57 /* ProductReviewCell.swift in Sources */,
				EE0132172A5E542A00873107 /* PartyMemberRecruitingProductViewController.swift in Sources */,
				EEF8154D2A73A7A4009C1C57 /* LostItemInfo.swift in Sources */,
				EEA944482A5D82260081E784 /* PartyOtherCell.swift in Sources */,
				EEC441D92A77E28400CD93BC /* ReviewWriteViewModel.swift in Sources */,
				EE0BEDFA2A4958F2008D9D05 /* LoginViewController.swift in Sources */,
				EE0BEE042A49909F008D9D05 /* LoginViewModel.swift in Sources */,
				EEA944522A5D9CA50081E784 /* PartyFoodCell.swift in Sources */,
				EE93AA332A6BBDC700E30C76 /* PartyMemberOtherRecruitingContentViewController.swift in Sources */,
				EE0132432A5F03AD00873107 /* PartyMemberRecruitingProductUsecase.swift in Sources */,
				EE7F06032A61449A002F83ED /* CalendarProtocol.swift in Sources */,
				EEA944442A5D44EF0081E784 /* PartyMemberProductUsecase.swift in Sources */,
				EE9301202A70114700C8FBA5 /* PartyMemberRecruitingOtherDetailViewController.swift in Sources */,
				EEA9443A2A5D1BE80081E784 /* PartyProductCell.swift in Sources */,
				EE0BEDDE2A495539008D9D05 /* AppDelegate.swift in Sources */,
				EEA944542A5D9CE30081E784 /* FoodPartyInfo.swift in Sources */,
				EEE8F0CB2A53D10D00E31597 /* UIColor + Extension.swift in Sources */,
				EE5DED0B2A654EE20027B0D4 /* UITextField + Extension.swift in Sources */,
				EEF815492A73885F009C1C57 /* ReviewInfo.swift in Sources */,
				EE93AA2F2A6BAE4400E30C76 /* PartyMemberOtherRecruitingDateViewModel.swift in Sources */,
				EE5DED0D2A6563A60027B0D4 /* Constants.swift in Sources */,
				EEE8F0B92A5195F300E31597 /* LoginError.swift in Sources */,
				EEE8F0E62A5690E200E31597 /* CheckMarkButton.swift in Sources */,
				EEF815432A736C4F009C1C57 /* DetailReviewView.swift in Sources */,
				EE3F2FF42A58127200BC539C /* PartyMemberViewController.swift in Sources */,
				EE9301242A723AAC00C8FBA5 /* ProductSearchCell.swift in Sources */,
				EE3E02972A77FF06007C3D71 /* LostItemLargeCategoryView.swift in Sources */,
				EE5DED092A6534050027B0D4 /* PartyMemberRecruitingContentViewController.swift in Sources */,
				EE3F2FDE2A57D2A300BC539C /* NicknameSettingUsecase.swift in Sources */,
				EE0BEDE02A495539008D9D05 /* SceneDelegate.swift in Sources */,
				EEE8F0F32A56E31F00E31597 /* NicknameSettingViewController.swift in Sources */,
				EEE8F0EF2A56AFEB00E31597 /* TermsOfServiceViewModel.swift in Sources */,
				EE5DED112A6586010027B0D4 /* PartyMemberWriteCompleteViewController.swift in Sources */,
				EE93011D2A6EB98800C8FBA5 /* DotLineView.swift in Sources */,
				EE93AA312A6BB17A00E30C76 /* BottomNextButton.swift in Sources */,
				EEA9444E2A5D8ABC0081E784 /* PartyMemberOtherUsecase.swift in Sources */,
				EE5DED052A6514670027B0D4 /* UITableViewCell + Extension.swift in Sources */,
				EEA944462A5D5FA20081E784 /* PartyMemberOtherViewController.swift in Sources */,
				EEE8F0F62A56FFF600E31597 /* NicknameSettingViewModel.swift in Sources */,
				EE3F2FE02A57DE3A00BC539C /* NicknameValidType.swift in Sources */,
				EE9B9A152A5FCB64009C6DB4 /* PartyMemberRecruitingDateViewController.swift in Sources */,
				EEE8F0E12A559F7D00E31597 /* TermsOfServiceViewController.swift in Sources */,
				EEE8F0D42A55395F00E31597 /* OnboardingCell.swift in Sources */,
				EEF8154F2A73AE69009C1C57 /* ReviewViewController.swift in Sources */,
				EE0BEE002A4971FE008D9D05 /* ImageNamespace.swift in Sources */,
				EEF8153E2A735BC5009C1C57 /* DetailInfoView.swift in Sources */,
				EE01323D2A5EFBE600873107 /* ProductPosterCell.swift in Sources */,
				EEE8F0DB2A554ECE00E31597 /* OnboardingData.swift in Sources */,
				EE3F2FF22A58123600BC539C /* MyPageViewController.swift in Sources */,
				EEA944372A5C03130081E784 /* PartyType.swift in Sources */,
				EEE8F0DE2A55515500E31597 /* OnboardingViewModel.swift in Sources */,
				EE4467362A68270500CDFE05 /* PartyMemberOtherRecruitingDateViewController.swift in Sources */,
				EEE8F0EA2A56AC5D00E31597 /* UIStackView + Extension.swift in Sources */,
				EE4EBAF32A4C303700939823 /* Secret.swift in Sources */,
				EEE6875A2A7276060063B94A /* ProductDetailMainViewController.swift in Sources */,
				EEB776362A602B0500BFCAAD /* CalendarView.swift in Sources */,
				EE3F2FE22A57E4CC00BC539C /* LoginCompleteViewController.swift in Sources */,
				EEF8154B2A73A536009C1C57 /* DetailLostItemView.swift in Sources */,
				EE3F2FE82A5811BA00BC539C /* HomeViewController.swift in Sources */,
				EEA944412A5D440F0081E784 /* PartyMemberProductViewModel.swift in Sources */,
				EEE8F0F82A57025000E31597 /* String + Extension.swift in Sources */,
				EE5DED032A6511AB0027B0D4 /* TimeSelectView.swift in Sources */,
				EEC60A4C2A4ACB4C001DDC2A /* LoginUsecase.swift in Sources */,
				EEB776382A6031B300BFCAAD /* CalendarCell.swift in Sources */,
				EE5DED072A6514890027B0D4 /* UITableView + Extension.swift in Sources */,
				EEE8F0CD2A53ED3900E31597 /* UIViewController + Extension.swift in Sources */,
				EE45438F2A63CD0F00A2A427 /* PartyMemberRecruitingDateViewModel.swift in Sources */,
				EEA9443D2A5D2F140081E784 /* ProductPartyInfo.swift in Sources */,
				EEE8F0C52A52C1EF00E31597 /* SplashViewController.swift in Sources */,
			);
			runOnlyForDeploymentPostprocessing = 0;
		};
/* End PBXSourcesBuildPhase section */

/* Begin PBXVariantGroup section */
		EE0BEDE82A49553D008D9D05 /* LaunchScreen.storyboard */ = {
			isa = PBXVariantGroup;
			children = (
				EE0BEDE92A49553D008D9D05 /* Base */,
			);
			name = LaunchScreen.storyboard;
			sourceTree = "<group>";
		};
/* End PBXVariantGroup section */

/* Begin XCBuildConfiguration section */
		EE0BEDEC2A49553D008D9D05 /* Debug */ = {
			isa = XCBuildConfiguration;
			buildSettings = {
				ALWAYS_SEARCH_USER_PATHS = NO;
				CLANG_ANALYZER_NONNULL = YES;
				CLANG_ANALYZER_NUMBER_OBJECT_CONVERSION = YES_AGGRESSIVE;
				CLANG_CXX_LANGUAGE_STANDARD = "gnu++20";
				CLANG_ENABLE_MODULES = YES;
				CLANG_ENABLE_OBJC_ARC = YES;
				CLANG_ENABLE_OBJC_WEAK = YES;
				CLANG_WARN_BLOCK_CAPTURE_AUTORELEASING = YES;
				CLANG_WARN_BOOL_CONVERSION = YES;
				CLANG_WARN_COMMA = YES;
				CLANG_WARN_CONSTANT_CONVERSION = YES;
				CLANG_WARN_DEPRECATED_OBJC_IMPLEMENTATIONS = YES;
				CLANG_WARN_DIRECT_OBJC_ISA_USAGE = YES_ERROR;
				CLANG_WARN_DOCUMENTATION_COMMENTS = YES;
				CLANG_WARN_EMPTY_BODY = YES;
				CLANG_WARN_ENUM_CONVERSION = YES;
				CLANG_WARN_INFINITE_RECURSION = YES;
				CLANG_WARN_INT_CONVERSION = YES;
				CLANG_WARN_NON_LITERAL_NULL_CONVERSION = YES;
				CLANG_WARN_OBJC_IMPLICIT_RETAIN_SELF = YES;
				CLANG_WARN_OBJC_LITERAL_CONVERSION = YES;
				CLANG_WARN_OBJC_ROOT_CLASS = YES_ERROR;
				CLANG_WARN_QUOTED_INCLUDE_IN_FRAMEWORK_HEADER = YES;
				CLANG_WARN_RANGE_LOOP_ANALYSIS = YES;
				CLANG_WARN_STRICT_PROTOTYPES = YES;
				CLANG_WARN_SUSPICIOUS_MOVE = YES;
				CLANG_WARN_UNGUARDED_AVAILABILITY = YES_AGGRESSIVE;
				CLANG_WARN_UNREACHABLE_CODE = YES;
				CLANG_WARN__DUPLICATE_METHOD_MATCH = YES;
				COPY_PHASE_STRIP = NO;
				DEBUG_INFORMATION_FORMAT = dwarf;
				ENABLE_STRICT_OBJC_MSGSEND = YES;
				ENABLE_TESTABILITY = YES;
				GCC_C_LANGUAGE_STANDARD = gnu11;
				GCC_DYNAMIC_NO_PIC = NO;
				GCC_NO_COMMON_BLOCKS = YES;
				GCC_OPTIMIZATION_LEVEL = 0;
				GCC_PREPROCESSOR_DEFINITIONS = (
					"DEBUG=1",
					"$(inherited)",
				);
				GCC_WARN_64_TO_32_BIT_CONVERSION = YES;
				GCC_WARN_ABOUT_RETURN_TYPE = YES_ERROR;
				GCC_WARN_UNDECLARED_SELECTOR = YES;
				GCC_WARN_UNINITIALIZED_AUTOS = YES_AGGRESSIVE;
				GCC_WARN_UNUSED_FUNCTION = YES;
				GCC_WARN_UNUSED_VARIABLE = YES;
				IPHONEOS_DEPLOYMENT_TARGET = 16.0;
				MTL_ENABLE_DEBUG_INFO = INCLUDE_SOURCE;
				MTL_FAST_MATH = YES;
				ONLY_ACTIVE_ARCH = YES;
				SDKROOT = iphoneos;
				SWIFT_ACTIVE_COMPILATION_CONDITIONS = DEBUG;
				SWIFT_OPTIMIZATION_LEVEL = "-Onone";
			};
			name = Debug;
		};
		EE0BEDED2A49553D008D9D05 /* Release */ = {
			isa = XCBuildConfiguration;
			buildSettings = {
				ALWAYS_SEARCH_USER_PATHS = NO;
				CLANG_ANALYZER_NONNULL = YES;
				CLANG_ANALYZER_NUMBER_OBJECT_CONVERSION = YES_AGGRESSIVE;
				CLANG_CXX_LANGUAGE_STANDARD = "gnu++20";
				CLANG_ENABLE_MODULES = YES;
				CLANG_ENABLE_OBJC_ARC = YES;
				CLANG_ENABLE_OBJC_WEAK = YES;
				CLANG_WARN_BLOCK_CAPTURE_AUTORELEASING = YES;
				CLANG_WARN_BOOL_CONVERSION = YES;
				CLANG_WARN_COMMA = YES;
				CLANG_WARN_CONSTANT_CONVERSION = YES;
				CLANG_WARN_DEPRECATED_OBJC_IMPLEMENTATIONS = YES;
				CLANG_WARN_DIRECT_OBJC_ISA_USAGE = YES_ERROR;
				CLANG_WARN_DOCUMENTATION_COMMENTS = YES;
				CLANG_WARN_EMPTY_BODY = YES;
				CLANG_WARN_ENUM_CONVERSION = YES;
				CLANG_WARN_INFINITE_RECURSION = YES;
				CLANG_WARN_INT_CONVERSION = YES;
				CLANG_WARN_NON_LITERAL_NULL_CONVERSION = YES;
				CLANG_WARN_OBJC_IMPLICIT_RETAIN_SELF = YES;
				CLANG_WARN_OBJC_LITERAL_CONVERSION = YES;
				CLANG_WARN_OBJC_ROOT_CLASS = YES_ERROR;
				CLANG_WARN_QUOTED_INCLUDE_IN_FRAMEWORK_HEADER = YES;
				CLANG_WARN_RANGE_LOOP_ANALYSIS = YES;
				CLANG_WARN_STRICT_PROTOTYPES = YES;
				CLANG_WARN_SUSPICIOUS_MOVE = YES;
				CLANG_WARN_UNGUARDED_AVAILABILITY = YES_AGGRESSIVE;
				CLANG_WARN_UNREACHABLE_CODE = YES;
				CLANG_WARN__DUPLICATE_METHOD_MATCH = YES;
				COPY_PHASE_STRIP = NO;
				DEBUG_INFORMATION_FORMAT = "dwarf-with-dsym";
				ENABLE_NS_ASSERTIONS = NO;
				ENABLE_STRICT_OBJC_MSGSEND = YES;
				GCC_C_LANGUAGE_STANDARD = gnu11;
				GCC_NO_COMMON_BLOCKS = YES;
				GCC_WARN_64_TO_32_BIT_CONVERSION = YES;
				GCC_WARN_ABOUT_RETURN_TYPE = YES_ERROR;
				GCC_WARN_UNDECLARED_SELECTOR = YES;
				GCC_WARN_UNINITIALIZED_AUTOS = YES_AGGRESSIVE;
				GCC_WARN_UNUSED_FUNCTION = YES;
				GCC_WARN_UNUSED_VARIABLE = YES;
				IPHONEOS_DEPLOYMENT_TARGET = 16.0;
				MTL_ENABLE_DEBUG_INFO = NO;
				MTL_FAST_MATH = YES;
				SDKROOT = iphoneos;
				SWIFT_COMPILATION_MODE = wholemodule;
				SWIFT_OPTIMIZATION_LEVEL = "-O";
				VALIDATE_PRODUCT = YES;
			};
			name = Release;
		};
		EE0BEDEF2A49553D008D9D05 /* Debug */ = {
			isa = XCBuildConfiguration;
			baseConfigurationReference = EEE8F0C02A52B17100E31597 /* Secrets.xcconfig */;
			buildSettings = {
				ASSETCATALOG_COMPILER_APPICON_NAME = AppIcon;
				ASSETCATALOG_COMPILER_GLOBAL_ACCENT_COLOR_NAME = AccentColor;
				CODE_SIGN_ENTITLEMENTS = CurtainCall/CurtainCall.entitlements;
				CODE_SIGN_IDENTITY = "Apple Development";
				CODE_SIGN_STYLE = Automatic;
				CURRENT_PROJECT_VERSION = 1;
				DEVELOPMENT_TEAM = H2N9KXXP3M;
				GENERATE_INFOPLIST_FILE = YES;
				INFOPLIST_FILE = CurtainCall/App/Info.plist;
				INFOPLIST_KEY_UIApplicationSupportsIndirectInputEvents = YES;
				INFOPLIST_KEY_UILaunchStoryboardName = LaunchScreen;
				INFOPLIST_KEY_UISupportedInterfaceOrientations_iPad = "UIInterfaceOrientationPortrait UIInterfaceOrientationPortraitUpsideDown UIInterfaceOrientationLandscapeLeft UIInterfaceOrientationLandscapeRight";
				INFOPLIST_KEY_UISupportedInterfaceOrientations_iPhone = "UIInterfaceOrientationPortrait UIInterfaceOrientationLandscapeLeft UIInterfaceOrientationLandscapeRight";
				LD_RUNPATH_SEARCH_PATHS = (
					"$(inherited)",
					"@executable_path/Frameworks",
				);
				MARKETING_VERSION = 0.0.0;
				PRODUCT_BUNDLE_IDENTIFIER = com.mandos.curtain.call;
				PRODUCT_NAME = "$(TARGET_NAME)";
				PROVISIONING_PROFILE_SPECIFIER = "";
				SWIFT_EMIT_LOC_STRINGS = YES;
				SWIFT_VERSION = 5.0;
				TARGETED_DEVICE_FAMILY = "1,2";
			};
			name = Debug;
		};
		EE0BEDF02A49553D008D9D05 /* Release */ = {
			isa = XCBuildConfiguration;
			baseConfigurationReference = EEE8F0C02A52B17100E31597 /* Secrets.xcconfig */;
			buildSettings = {
				ASSETCATALOG_COMPILER_APPICON_NAME = AppIcon;
				ASSETCATALOG_COMPILER_GLOBAL_ACCENT_COLOR_NAME = AccentColor;
				CODE_SIGN_ENTITLEMENTS = CurtainCall/CurtainCall.entitlements;
				CODE_SIGN_IDENTITY = "Apple Development";
				CODE_SIGN_STYLE = Automatic;
				CURRENT_PROJECT_VERSION = 1;
				DEVELOPMENT_TEAM = H2N9KXXP3M;
				GENERATE_INFOPLIST_FILE = YES;
				INFOPLIST_FILE = CurtainCall/App/Info.plist;
				INFOPLIST_KEY_UIApplicationSupportsIndirectInputEvents = YES;
				INFOPLIST_KEY_UILaunchStoryboardName = LaunchScreen;
				INFOPLIST_KEY_UISupportedInterfaceOrientations_iPad = "UIInterfaceOrientationPortrait UIInterfaceOrientationPortraitUpsideDown UIInterfaceOrientationLandscapeLeft UIInterfaceOrientationLandscapeRight";
				INFOPLIST_KEY_UISupportedInterfaceOrientations_iPhone = "UIInterfaceOrientationPortrait UIInterfaceOrientationLandscapeLeft UIInterfaceOrientationLandscapeRight";
				LD_RUNPATH_SEARCH_PATHS = (
					"$(inherited)",
					"@executable_path/Frameworks",
				);
				MARKETING_VERSION = 0.0.0;
				PRODUCT_BUNDLE_IDENTIFIER = com.mandos.curtain.call;
				PRODUCT_NAME = "$(TARGET_NAME)";
				PROVISIONING_PROFILE_SPECIFIER = "";
				SWIFT_EMIT_LOC_STRINGS = YES;
				SWIFT_VERSION = 5.0;
				TARGETED_DEVICE_FAMILY = "1,2";
			};
			name = Release;
		};
/* End XCBuildConfiguration section */

/* Begin XCConfigurationList section */
		EE0BEDD52A495539008D9D05 /* Build configuration list for PBXProject "CurtainCall" */ = {
			isa = XCConfigurationList;
			buildConfigurations = (
				EE0BEDEC2A49553D008D9D05 /* Debug */,
				EE0BEDED2A49553D008D9D05 /* Release */,
			);
			defaultConfigurationIsVisible = 0;
			defaultConfigurationName = Release;
		};
		EE0BEDEE2A49553D008D9D05 /* Build configuration list for PBXNativeTarget "CurtainCall" */ = {
			isa = XCConfigurationList;
			buildConfigurations = (
				EE0BEDEF2A49553D008D9D05 /* Debug */,
				EE0BEDF02A49553D008D9D05 /* Release */,
			);
			defaultConfigurationIsVisible = 0;
			defaultConfigurationName = Release;
		};
/* End XCConfigurationList section */

/* Begin XCRemoteSwiftPackageReference section */
		EE0304B22A4E816C0038A09E /* XCRemoteSwiftPackageReference "facebook-ios-sdk" */ = {
			isa = XCRemoteSwiftPackageReference;
			repositoryURL = "https://github.com/facebook/facebook-ios-sdk";
			requirement = {
				kind = upToNextMajorVersion;
				minimumVersion = 16.1.2;
			};
		};
		EE0BEDFB2A495AAB008D9D05 /* XCRemoteSwiftPackageReference "SnapKit" */ = {
			isa = XCRemoteSwiftPackageReference;
			repositoryURL = "https://github.com/SnapKit/SnapKit";
			requirement = {
				kind = upToNextMajorVersion;
				minimumVersion = 5.0.0;
			};
		};
		EE4EBAE12A4C013B00939823 /* XCRemoteSwiftPackageReference "kakao-ios-sdk" */ = {
			isa = XCRemoteSwiftPackageReference;
			repositoryURL = "https://github.com/kakao/kakao-ios-sdk";
			requirement = {
				kind = upToNextMajorVersion;
				minimumVersion = 2.0.0;
			};
		};
		EEED57112A4EA321003D2F9C /* XCRemoteSwiftPackageReference "GoogleSignIn-iOS" */ = {
			isa = XCRemoteSwiftPackageReference;
			repositoryURL = "https://github.com/google/GoogleSignIn-iOS";
			requirement = {
				kind = upToNextMajorVersion;
				minimumVersion = 7.0.0;
			};
		};
/* End XCRemoteSwiftPackageReference section */

/* Begin XCSwiftPackageProductDependency section */
		EE0304B32A4E816C0038A09E /* FacebookCore */ = {
			isa = XCSwiftPackageProductDependency;
			package = EE0304B22A4E816C0038A09E /* XCRemoteSwiftPackageReference "facebook-ios-sdk" */;
			productName = FacebookCore;
		};
		EE0304B52A4E816C0038A09E /* FacebookLogin */ = {
			isa = XCSwiftPackageProductDependency;
			package = EE0304B22A4E816C0038A09E /* XCRemoteSwiftPackageReference "facebook-ios-sdk" */;
			productName = FacebookLogin;
		};
		EE0BEDFC2A495AAB008D9D05 /* SnapKit */ = {
			isa = XCSwiftPackageProductDependency;
			package = EE0BEDFB2A495AAB008D9D05 /* XCRemoteSwiftPackageReference "SnapKit" */;
			productName = SnapKit;
		};
		EE4EBAE22A4C013B00939823 /* KakaoSDKAuth */ = {
			isa = XCSwiftPackageProductDependency;
			package = EE4EBAE12A4C013B00939823 /* XCRemoteSwiftPackageReference "kakao-ios-sdk" */;
			productName = KakaoSDKAuth;
		};
		EE4EBAE42A4C013B00939823 /* KakaoSDKUser */ = {
			isa = XCSwiftPackageProductDependency;
			package = EE4EBAE12A4C013B00939823 /* XCRemoteSwiftPackageReference "kakao-ios-sdk" */;
			productName = KakaoSDKUser;
		};
		EEED57122A4EA321003D2F9C /* GoogleSignIn */ = {
			isa = XCSwiftPackageProductDependency;
			package = EEED57112A4EA321003D2F9C /* XCRemoteSwiftPackageReference "GoogleSignIn-iOS" */;
			productName = GoogleSignIn;
		};
/* End XCSwiftPackageProductDependency section */
	};
	rootObject = EE0BEDD22A495539008D9D05 /* Project object */;
}
